// !$*UTF8*$!
{
	archiveVersion = 1;
	classes = {
	};
	objectVersion = 46;
	objects = {

/* Begin PBXBuildFile section */
		720041BA1879B2B600F3C497 /* Settings.bundle in Resources */ = {isa = PBXBuildFile; fileRef = 720041B91879B2B600F3C497 /* Settings.bundle */; };
		721CA1B41A9382990083F41A /* Localizable.strings in Resources */ = {isa = PBXBuildFile; fileRef = 721CA1B21A9382990083F41A /* Localizable.strings */; };
		721DC18918219C4D00F9470C /* MainViewController.m in Sources */ = {isa = PBXBuildFile; fileRef = 721DC18818219C4D00F9470C /* MainViewController.m */; };
		7258E8B11A5A98DD007F88AF /* WeekSettingsViewController.m in Sources */ = {isa = PBXBuildFile; fileRef = 7258E8B01A5A98DD007F88AF /* WeekSettingsViewController.m */; };
		72734BB71B32E93800B2BA49 /* main-iPhone.storyboard in Resources */ = {isa = PBXBuildFile; fileRef = 72734BB61B32E93800B2BA49 /* main-iPhone.storyboard */; };
		7275C4A01C46E87B0036C9A3 /* Launch Screen.storyboard in Resources */ = {isa = PBXBuildFile; fileRef = 7275C49F1C46E87B0036C9A3 /* Launch Screen.storyboard */; };
		72B5D8F2180D73E0004ADB86 /* Foundation.framework in Frameworks */ = {isa = PBXBuildFile; fileRef = 72B5D8F1180D73E0004ADB86 /* Foundation.framework */; };
		72B5D8F4180D73E0004ADB86 /* CoreGraphics.framework in Frameworks */ = {isa = PBXBuildFile; fileRef = 72B5D8F3180D73E0004ADB86 /* CoreGraphics.framework */; };
		72B5D8F6180D73E0004ADB86 /* UIKit.framework in Frameworks */ = {isa = PBXBuildFile; fileRef = 72B5D8F5180D73E0004ADB86 /* UIKit.framework */; };
		72B5D8FC180D73E0004ADB86 /* InfoPlist.strings in Resources */ = {isa = PBXBuildFile; fileRef = 72B5D8FA180D73E0004ADB86 /* InfoPlist.strings */; };
		72B5D8FE180D73E0004ADB86 /* main.m in Sources */ = {isa = PBXBuildFile; fileRef = 72B5D8FD180D73E0004ADB86 /* main.m */; };
		72B5D902180D73E0004ADB86 /* AppDelegate.m in Sources */ = {isa = PBXBuildFile; fileRef = 72B5D901180D73E0004ADB86 /* AppDelegate.m */; };
		72B5D904180D73E0004ADB86 /* Images.xcassets in Resources */ = {isa = PBXBuildFile; fileRef = 72B5D903180D73E0004ADB86 /* Images.xcassets */; };
		72B5D90B180D73E0004ADB86 /* XCTest.framework in Frameworks */ = {isa = PBXBuildFile; fileRef = 72B5D90A180D73E0004ADB86 /* XCTest.framework */; };
		72B5D90C180D73E0004ADB86 /* Foundation.framework in Frameworks */ = {isa = PBXBuildFile; fileRef = 72B5D8F1180D73E0004ADB86 /* Foundation.framework */; };
		72B5D90D180D73E0004ADB86 /* UIKit.framework in Frameworks */ = {isa = PBXBuildFile; fileRef = 72B5D8F5180D73E0004ADB86 /* UIKit.framework */; };
		72B5D915180D73E0004ADB86 /* InfoPlist.strings in Resources */ = {isa = PBXBuildFile; fileRef = 72B5D913180D73E0004ADB86 /* InfoPlist.strings */; };
		72B5D917180D73E0004ADB86 /* CalendarTests.m in Sources */ = {isa = PBXBuildFile; fileRef = 72B5D916180D73E0004ADB86 /* CalendarTests.m */; };
		72B5D922180D73F3004ADB86 /* EventKit.framework in Frameworks */ = {isa = PBXBuildFile; fileRef = 72B5D920180D73F3004ADB86 /* EventKit.framework */; };
		72B5D923180D73F3004ADB86 /* EventKitUI.framework in Frameworks */ = {isa = PBXBuildFile; fileRef = 72B5D921180D73F3004ADB86 /* EventKitUI.framework */; };
		72B5D928180D7476004ADB86 /* main-iPad.storyboard in Resources */ = {isa = PBXBuildFile; fileRef = 72B5D927180D7476004ADB86 /* main-iPad.storyboard */; };
		72E9B9161C919EF20070EDD3 /* settings.storyboard in Resources */ = {isa = PBXBuildFile; fileRef = 72E9B9151C919EF20070EDD3 /* settings.storyboard */; };
		72E9B9191C91E3520070EDD3 /* MonthSettingsViewController.m in Sources */ = {isa = PBXBuildFile; fileRef = 72E9B9181C91E3520070EDD3 /* MonthSettingsViewController.m */; };
		72EF07FF1A3D9DF8005699CA /* WeekViewController.m in Sources */ = {isa = PBXBuildFile; fileRef = 72EF07FE1A3D9DF8005699CA /* WeekViewController.m */; };
		72EF08151A3DB8C6005699CA /* MonthViewController.m in Sources */ = {isa = PBXBuildFile; fileRef = 72EF080C1A3DB8C6005699CA /* MonthViewController.m */; };
		72EF08181A3DB8C6005699CA /* YearViewController.m in Sources */ = {isa = PBXBuildFile; fileRef = 72EF080E1A3DB8C6005699CA /* YearViewController.m */; };
		96A3FD1C9E6707E46CB36A87 /* Pods_CalendarDemo.framework in Frameworks */ = {isa = PBXBuildFile; fileRef = F06A59852B476A0AA324A957 /* Pods_CalendarDemo.framework */; };
		BC32A4601D30FED600AB19D7 /* DayViewController.m in Sources */ = {isa = PBXBuildFile; fileRef = BC32A45F1D30FED600AB19D7 /* DayViewController.m */; };
		BC32A4681D3101BB00AB19D7 /* MGCCalendarHeaderCell.xib in Resources */ = {isa = PBXBuildFile; fileRef = BC32A4671D3101BB00AB19D7 /* MGCCalendarHeaderCell.xib */; };
		CA15378724065AA6000A14C7 /* UniversalCalendar.h in Headers */ = {isa = PBXBuildFile; fileRef = CA15378524065AA6000A14C7 /* UniversalCalendar.h */; settings = {ATTRIBUTES = (Public, ); }; };
		CA1537D924065AE2000A14C7 /* MGCDayPlannerViewController.h in Headers */ = {isa = PBXBuildFile; fileRef = CA15378B24065AD8000A14C7 /* MGCDayPlannerViewController.h */; settings = {ATTRIBUTES = (Public, ); }; };
		CA1537DA24065AE2000A14C7 /* MGCYearCalendarMonthHeaderView.h in Headers */ = {isa = PBXBuildFile; fileRef = CA15378C24065AD8000A14C7 /* MGCYearCalendarMonthHeaderView.h */; };
		CA1537DB24065AE2000A14C7 /* MGCAlignedGeometry.h in Headers */ = {isa = PBXBuildFile; fileRef = CA15378D24065AD9000A14C7 /* MGCAlignedGeometry.h */; };
		CA1537DC24065AE2000A14C7 /* MGCAllDayEventsViewLayout.h in Headers */ = {isa = PBXBuildFile; fileRef = CA15378E24065AD9000A14C7 /* MGCAllDayEventsViewLayout.h */; };
		CA1537DD24065AE2000A14C7 /* MGCMonthPlannerViewLayout.h in Headers */ = {isa = PBXBuildFile; fileRef = CA15378F24065AD9000A14C7 /* MGCMonthPlannerViewLayout.h */; };
		CA1537DE24065AE2000A14C7 /* MGCCalendarHeaderView.m in Sources */ = {isa = PBXBuildFile; fileRef = CA15379024065AD9000A14C7 /* MGCCalendarHeaderView.m */; };
		CA1537DF24065AE2000A14C7 /* MGCMonthPlannerWeekView.m in Sources */ = {isa = PBXBuildFile; fileRef = CA15379124065AD9000A14C7 /* MGCMonthPlannerWeekView.m */; };
		CA1537E024065AE2000A14C7 /* MGCMonthPlannerViewController.h in Headers */ = {isa = PBXBuildFile; fileRef = CA15379224065AD9000A14C7 /* MGCMonthPlannerViewController.h */; settings = {ATTRIBUTES = (Public, ); }; };
		CA1537E124065AE2000A14C7 /* OSCache.m in Sources */ = {isa = PBXBuildFile; fileRef = CA15379324065AD9000A14C7 /* OSCache.m */; };
		CA1537E224065AE2000A14C7 /* MGCYearCalendarMonthHeaderView.m in Sources */ = {isa = PBXBuildFile; fileRef = CA15379424065AD9000A14C7 /* MGCYearCalendarMonthHeaderView.m */; };
		CA1537E324065AE2000A14C7 /* MGCAllDayEventsViewLayout.m in Sources */ = {isa = PBXBuildFile; fileRef = CA15379524065AD9000A14C7 /* MGCAllDayEventsViewLayout.m */; };
		CA1537E424065AE2000A14C7 /* MGCMonthPlannerHeaderView.m in Sources */ = {isa = PBXBuildFile; fileRef = CA15379624065AD9000A14C7 /* MGCMonthPlannerHeaderView.m */; };
		CA1537E524065AE2000A14C7 /* MGCMonthPlannerHeaderView.h in Headers */ = {isa = PBXBuildFile; fileRef = CA15379724065AD9000A14C7 /* MGCMonthPlannerHeaderView.h */; };
		CA1537E624065AE2000A14C7 /* MGCMonthPlannerView.h in Headers */ = {isa = PBXBuildFile; fileRef = CA15379824065AD9000A14C7 /* MGCMonthPlannerView.h */; settings = {ATTRIBUTES = (Public, ); }; };
		CA1537E724065AE2000A14C7 /* MGCStandardEventView.m in Sources */ = {isa = PBXBuildFile; fileRef = CA15379924065AD9000A14C7 /* MGCStandardEventView.m */; };
		CA1537E824065AE2000A14C7 /* MGCMonthPlannerWeekView.h in Headers */ = {isa = PBXBuildFile; fileRef = CA15379A24065AD9000A14C7 /* MGCMonthPlannerWeekView.h */; };
		CA1537E924065AE2000A14C7 /* MGCYearCalendarMonthCell.h in Headers */ = {isa = PBXBuildFile; fileRef = CA15379B24065AD9000A14C7 /* MGCYearCalendarMonthCell.h */; };
		CA1537EA24065AE2000A14C7 /* MGCEventsRowView.m in Sources */ = {isa = PBXBuildFile; fileRef = CA15379C24065ADA000A14C7 /* MGCEventsRowView.m */; };
		CA1537EB24065AE2000A14C7 /* MGCMonthPlannerViewDayCell.m in Sources */ = {isa = PBXBuildFile; fileRef = CA15379D24065ADA000A14C7 /* MGCMonthPlannerViewDayCell.m */; };
		CA1537EC24065AE2000A14C7 /* MGCMonthPlannerBackgroundView.h in Headers */ = {isa = PBXBuildFile; fileRef = CA15379E24065ADA000A14C7 /* MGCMonthPlannerBackgroundView.h */; };
		CA1537ED24065AE2000A14C7 /* MGCDayPlannerViewController.m in Sources */ = {isa = PBXBuildFile; fileRef = CA15379F24065ADA000A14C7 /* MGCDayPlannerViewController.m */; };
		CA1537EE24065AE2000A14C7 /* Constant.h in Headers */ = {isa = PBXBuildFile; fileRef = CA1537A024065ADA000A14C7 /* Constant.h */; settings = {ATTRIBUTES = (Public, ); }; };
		CA1537EF24065AE2000A14C7 /* MGCCalendarHeaderCell.xib in Resources */ = {isa = PBXBuildFile; fileRef = CA1537A124065ADA000A14C7 /* MGCCalendarHeaderCell.xib */; };
		CA1537F024065AE2000A14C7 /* MGCMonthPlannerViewDayCell.h in Headers */ = {isa = PBXBuildFile; fileRef = CA1537A224065ADA000A14C7 /* MGCMonthPlannerViewDayCell.h */; };
		CA1537F124065AE2000A14C7 /* MGCTimeRowsView.m in Sources */ = {isa = PBXBuildFile; fileRef = CA1537A324065ADA000A14C7 /* MGCTimeRowsView.m */; };
		CA1537F224065AE2000A14C7 /* MGCYearCalendarMonthCell.m in Sources */ = {isa = PBXBuildFile; fileRef = CA1537A424065ADA000A14C7 /* MGCYearCalendarMonthCell.m */; };
		CA1537F324065AE2000A14C7 /* Localizable.strings in Resources */ = {isa = PBXBuildFile; fileRef = CA1537A624065ADA000A14C7 /* Localizable.strings */; };
		CA1537F424065AE2000A14C7 /* MGCDayPlannerView.h in Headers */ = {isa = PBXBuildFile; fileRef = CA1537A824065ADA000A14C7 /* MGCDayPlannerView.h */; settings = {ATTRIBUTES = (Public, ); }; };
		CA1537F524065AE2000A14C7 /* NSAttributedString+MGCAdditions.m in Sources */ = {isa = PBXBuildFile; fileRef = CA1537A924065ADB000A14C7 /* NSAttributedString+MGCAdditions.m */; };
		CA1537F624065AE2000A14C7 /* Localizable.strings in Resources */ = {isa = PBXBuildFile; fileRef = CA1537AB24065ADB000A14C7 /* Localizable.strings */; };
		CA1537F724065AE2000A14C7 /* MGCAlignedGeometry.m in Sources */ = {isa = PBXBuildFile; fileRef = CA1537AD24065ADB000A14C7 /* MGCAlignedGeometry.m */; };
		CA1537F824065AE2000A14C7 /* MGCInteractiveEventView.m in Sources */ = {isa = PBXBuildFile; fileRef = CA1537AE24065ADB000A14C7 /* MGCInteractiveEventView.m */; };
		CA1537F924065AE2000A14C7 /* MGCDayColumnCell.h in Headers */ = {isa = PBXBuildFile; fileRef = CA1537AF24065ADB000A14C7 /* MGCDayColumnCell.h */; };
		CA1537FA24065AE2000A14C7 /* MGCMonthPlannerViewLayout.m in Sources */ = {isa = PBXBuildFile; fileRef = CA1537B024065ADC000A14C7 /* MGCMonthPlannerViewLayout.m */; };
		CA1537FB24065AE2000A14C7 /* MGCMonthPlannerView.m in Sources */ = {isa = PBXBuildFile; fileRef = CA1537B124065ADC000A14C7 /* MGCMonthPlannerView.m */; };
		CA1537FC24065AE2000A14C7 /* MGCInteractiveEventView.h in Headers */ = {isa = PBXBuildFile; fileRef = CA1537B224065ADC000A14C7 /* MGCInteractiveEventView.h */; };
		CA1537FD24065AE2000A14C7 /* MGCDateRange.h in Headers */ = {isa = PBXBuildFile; fileRef = CA1537B324065ADC000A14C7 /* MGCDateRange.h */; settings = {ATTRIBUTES = (Public, ); }; };
		CA1537FE24065AE2000A14C7 /* NSCalendar+MGCAdditions.h in Headers */ = {isa = PBXBuildFile; fileRef = CA1537B424065ADC000A14C7 /* NSCalendar+MGCAdditions.h */; settings = {ATTRIBUTES = (Public, ); }; };
		CA1537FF24065AE2000A14C7 /* MGCDayPlannerEKViewController.m in Sources */ = {isa = PBXBuildFile; fileRef = CA1537B524065ADD000A14C7 /* MGCDayPlannerEKViewController.m */; };
		CA15380024065AE2000A14C7 /* MGCMonthPlannerBackgroundView.m in Sources */ = {isa = PBXBuildFile; fileRef = CA1537B624065ADD000A14C7 /* MGCMonthPlannerBackgroundView.m */; };
		CA15380124065AE2000A14C7 /* MGCTimedEventsViewLayout.h in Headers */ = {isa = PBXBuildFile; fileRef = CA1537B724065ADD000A14C7 /* MGCTimedEventsViewLayout.h */; };
		CA15380224065AE2000A14C7 /* MGCDayPlannerEKViewController.h in Headers */ = {isa = PBXBuildFile; fileRef = CA1537B824065ADD000A14C7 /* MGCDayPlannerEKViewController.h */; settings = {ATTRIBUTES = (Public, ); }; };
		CA15380324065AE2000A14C7 /* MGCEventCellLayoutAttributes.h in Headers */ = {isa = PBXBuildFile; fileRef = CA1537B924065ADE000A14C7 /* MGCEventCellLayoutAttributes.h */; };
		CA15380424065AE2000A14C7 /* MGCEventCell.h in Headers */ = {isa = PBXBuildFile; fileRef = CA1537BA24065ADE000A14C7 /* MGCEventCell.h */; };
		CA15380524065AE2000A14C7 /* MGCStandardEventView.h in Headers */ = {isa = PBXBuildFile; fileRef = CA1537BB24065ADE000A14C7 /* MGCStandardEventView.h */; settings = {ATTRIBUTES = (Public, ); }; };
		CA15380624065AE2000A14C7 /* MGCEventKitSupport.h in Headers */ = {isa = PBXBuildFile; fileRef = CA1537BC24065ADE000A14C7 /* MGCEventKitSupport.h */; };
		CA15380724065AE2000A14C7 /* NSAttributedString+MGCAdditions.h in Headers */ = {isa = PBXBuildFile; fileRef = CA1537BD24065ADE000A14C7 /* NSAttributedString+MGCAdditions.h */; settings = {ATTRIBUTES = (Public, ); }; };
		CA15380824065AE2000A14C7 /* MGCDayColumnCell.m in Sources */ = {isa = PBXBuildFile; fileRef = CA1537BE24065ADE000A14C7 /* MGCDayColumnCell.m */; };
		CA15380924065AE2000A14C7 /* MGCEventCellLayoutAttributes.m in Sources */ = {isa = PBXBuildFile; fileRef = CA1537BF24065ADF000A14C7 /* MGCEventCellLayoutAttributes.m */; };
		CA15380A24065AE2000A14C7 /* NSCalendar+MGCAdditions.m in Sources */ = {isa = PBXBuildFile; fileRef = CA1537C024065ADF000A14C7 /* NSCalendar+MGCAdditions.m */; };
		CA15380B24065AE2000A14C7 /* MGCEventCell.m in Sources */ = {isa = PBXBuildFile; fileRef = CA1537C124065ADF000A14C7 /* MGCEventCell.m */; };
		CA15380C24065AE2000A14C7 /* MGCReusableObjectQueue.h in Headers */ = {isa = PBXBuildFile; fileRef = CA1537C224065ADF000A14C7 /* MGCReusableObjectQueue.h */; settings = {ATTRIBUTES = (Public, ); }; };
		CA15380D24065AE2000A14C7 /* MGCReusableObjectQueue.m in Sources */ = {isa = PBXBuildFile; fileRef = CA1537C324065ADF000A14C7 /* MGCReusableObjectQueue.m */; };
		CA15380E24065AE2000A14C7 /* MGCMonthPlannerEKViewController.h in Headers */ = {isa = PBXBuildFile; fileRef = CA1537C424065ADF000A14C7 /* MGCMonthPlannerEKViewController.h */; settings = {ATTRIBUTES = (Public, ); }; };
		CA15380F24065AE2000A14C7 /* MGCYearCalendarView.h in Headers */ = {isa = PBXBuildFile; fileRef = CA1537C524065ADF000A14C7 /* MGCYearCalendarView.h */; settings = {ATTRIBUTES = (Public, ); }; };
		CA15381024065AE2000A14C7 /* MGCTimeRowsView.h in Headers */ = {isa = PBXBuildFile; fileRef = CA1537C624065AE0000A14C7 /* MGCTimeRowsView.h */; };
		CA15381124065AE2000A14C7 /* OSCache.h in Headers */ = {isa = PBXBuildFile; fileRef = CA1537C724065AE0000A14C7 /* OSCache.h */; settings = {ATTRIBUTES = (Public, ); }; };
		CA15381224065AE2000A14C7 /* MGCCalendarHeaderView.h in Headers */ = {isa = PBXBuildFile; fileRef = CA1537C824065AE0000A14C7 /* MGCCalendarHeaderView.h */; };
		CA15381324065AE2000A14C7 /* MGCYearCalendarView.m in Sources */ = {isa = PBXBuildFile; fileRef = CA1537C924065AE0000A14C7 /* MGCYearCalendarView.m */; };
		CA15381424065AE2000A14C7 /* OrderedDictionary.m in Sources */ = {isa = PBXBuildFile; fileRef = CA1537CA24065AE0000A14C7 /* OrderedDictionary.m */; };
		CA15381524065AE2000A14C7 /* MGCEventView.m in Sources */ = {isa = PBXBuildFile; fileRef = CA1537CB24065AE0000A14C7 /* MGCEventView.m */; };
		CA15381624065AE2000A14C7 /* MGCMonthMiniCalendarView.m in Sources */ = {isa = PBXBuildFile; fileRef = CA1537CC24065AE0000A14C7 /* MGCMonthMiniCalendarView.m */; };
		CA15381724065AE2000A14C7 /* MGCTimedEventsViewLayout.m in Sources */ = {isa = PBXBuildFile; fileRef = CA1537CD24065AE1000A14C7 /* MGCTimedEventsViewLayout.m */; };
		CA15381824065AE2000A14C7 /* MGCMonthPlannerViewController.m in Sources */ = {isa = PBXBuildFile; fileRef = CA1537CE24065AE1000A14C7 /* MGCMonthPlannerViewController.m */; };
		CA15381924065AE2000A14C7 /* MGCEventKitSupport.m in Sources */ = {isa = PBXBuildFile; fileRef = CA1537CF24065AE1000A14C7 /* MGCEventKitSupport.m */; };
		CA15381A24065AE2000A14C7 /* MGCCalendarHeaderCell.m in Sources */ = {isa = PBXBuildFile; fileRef = CA1537D024065AE1000A14C7 /* MGCCalendarHeaderCell.m */; };
		CA15381B24065AE2000A14C7 /* OrderedDictionary.h in Headers */ = {isa = PBXBuildFile; fileRef = CA1537D124065AE1000A14C7 /* OrderedDictionary.h */; settings = {ATTRIBUTES = (Public, ); }; };
		CA15381C24065AE2000A14C7 /* MGCCalendarHeaderCell.h in Headers */ = {isa = PBXBuildFile; fileRef = CA1537D224065AE1000A14C7 /* MGCCalendarHeaderCell.h */; };
		CA15381D24065AE2000A14C7 /* MGCEventView.h in Headers */ = {isa = PBXBuildFile; fileRef = CA1537D324065AE2000A14C7 /* MGCEventView.h */; };
		CA15381E24065AE2000A14C7 /* MGCEventsRowView.h in Headers */ = {isa = PBXBuildFile; fileRef = CA1537D424065AE2000A14C7 /* MGCEventsRowView.h */; };
		CA15381F24065AE2000A14C7 /* MGCMonthPlannerEKViewController.m in Sources */ = {isa = PBXBuildFile; fileRef = CA1537D524065AE2000A14C7 /* MGCMonthPlannerEKViewController.m */; };
		CA15382024065AE2000A14C7 /* MGCMonthMiniCalendarView.h in Headers */ = {isa = PBXBuildFile; fileRef = CA1537D624065AE2000A14C7 /* MGCMonthMiniCalendarView.h */; settings = {ATTRIBUTES = (Public, ); }; };
		CA15382124065AE2000A14C7 /* MGCDateRange.m in Sources */ = {isa = PBXBuildFile; fileRef = CA1537D724065AE2000A14C7 /* MGCDateRange.m */; };
		CA15382224065AE2000A14C7 /* MGCDayPlannerView.m in Sources */ = {isa = PBXBuildFile; fileRef = CA1537D824065AE2000A14C7 /* MGCDayPlannerView.m */; };
		CA15382324065C6B000A14C7 /* EventKit.framework in Frameworks */ = {isa = PBXBuildFile; fileRef = 72B5D920180D73F3004ADB86 /* EventKit.framework */; };
		CA15382424065C6B000A14C7 /* EventKitUI.framework in Frameworks */ = {isa = PBXBuildFile; fileRef = 72B5D921180D73F3004ADB86 /* EventKitUI.framework */; };
		CA15382524065C80000A14C7 /* CoreGraphics.framework in Frameworks */ = {isa = PBXBuildFile; fileRef = 72B5D8F3180D73E0004ADB86 /* CoreGraphics.framework */; };
		CA15382624065C88000A14C7 /* UIKit.framework in Frameworks */ = {isa = PBXBuildFile; fileRef = 72B5D8F5180D73E0004ADB86 /* UIKit.framework */; };
		CA15382724065C91000A14C7 /* Foundation.framework in Frameworks */ = {isa = PBXBuildFile; fileRef = 72B5D8F1180D73E0004ADB86 /* Foundation.framework */; };
/* End PBXBuildFile section */

/* Begin PBXContainerItemProxy section */
		72B5D90E180D73E0004ADB86 /* PBXContainerItemProxy */ = {
			isa = PBXContainerItemProxy;
			containerPortal = 72B5D8E6180D73E0004ADB86 /* Project object */;
			proxyType = 1;
			remoteGlobalIDString = 72B5D8ED180D73E0004ADB86;
			remoteInfo = Calendar;
		};
/* End PBXContainerItemProxy section */

/* Begin PBXFileReference section */
		072E5EFE1C338559007711A0 /* Constant.h */ = {isa = PBXFileReference; fileEncoding = 4; lastKnownFileType = sourcecode.c.h; path = Constant.h; sourceTree = "<group>"; };
		1F0C1F1B722A7E607C88C0FE /* Pods-CalendarDemo.debug.xcconfig */ = {isa = PBXFileReference; includeInIndex = 1; lastKnownFileType = text.xcconfig; name = "Pods-CalendarDemo.debug.xcconfig"; path = "Pods/Target Support Files/Pods-CalendarDemo/Pods-CalendarDemo.debug.xcconfig"; sourceTree = "<group>"; };
		28486480EAA57CF147A3825F /* Pods.framework */ = {isa = PBXFileReference; explicitFileType = wrapper.framework; includeInIndex = 0; path = Pods.framework; sourceTree = BUILT_PRODUCTS_DIR; };
		720041B91879B2B600F3C497 /* Settings.bundle */ = {isa = PBXFileReference; lastKnownFileType = "wrapper.plug-in"; path = Settings.bundle; sourceTree = "<group>"; };
		720DAE511C6269D900DF8AAA /* NSAttributedString+MGCAdditions.h */ = {isa = PBXFileReference; fileEncoding = 4; lastKnownFileType = sourcecode.c.h; path = "NSAttributedString+MGCAdditions.h"; sourceTree = "<group>"; };
		720DAE521C6269D900DF8AAA /* NSAttributedString+MGCAdditions.m */ = {isa = PBXFileReference; fileEncoding = 4; lastKnownFileType = sourcecode.c.objc; path = "NSAttributedString+MGCAdditions.m"; sourceTree = "<group>"; };
		720DAE541C66531300DF8AAA /* MGCEventKitSupport.m */ = {isa = PBXFileReference; fileEncoding = 4; lastKnownFileType = sourcecode.c.objc; path = MGCEventKitSupport.m; sourceTree = "<group>"; };
		720DAE561C66534A00DF8AAA /* MGCEventKitSupport.h */ = {isa = PBXFileReference; lastKnownFileType = sourcecode.c.h; path = MGCEventKitSupport.h; sourceTree = "<group>"; };
		721A12A11CB585CF00749F18 /* CHANGELOG.md */ = {isa = PBXFileReference; fileEncoding = 4; lastKnownFileType = net.daringfireball.markdown; path = CHANGELOG.md; sourceTree = "<group>"; };
		721CA1B31A9382990083F41A /* en */ = {isa = PBXFileReference; lastKnownFileType = text.plist.strings; name = en; path = en.lproj/Localizable.strings; sourceTree = "<group>"; };
		721CA1B51A9382A80083F41A /* fr */ = {isa = PBXFileReference; lastKnownFileType = text.plist.strings; name = fr; path = fr.lproj/Localizable.strings; sourceTree = "<group>"; };
		721DC18718219C4D00F9470C /* MainViewController.h */ = {isa = PBXFileReference; fileEncoding = 4; lastKnownFileType = sourcecode.c.h; path = MainViewController.h; sourceTree = "<group>"; };
		721DC18818219C4D00F9470C /* MainViewController.m */ = {isa = PBXFileReference; fileEncoding = 4; lastKnownFileType = sourcecode.c.objc; path = MainViewController.m; sourceTree = "<group>"; };
		72271A501815C33600DE96FE /* MGCDateRange.h */ = {isa = PBXFileReference; fileEncoding = 4; lastKnownFileType = sourcecode.c.h; path = MGCDateRange.h; sourceTree = "<group>"; };
		72271A511815C33600DE96FE /* MGCDateRange.m */ = {isa = PBXFileReference; fileEncoding = 4; lastKnownFileType = sourcecode.c.objc; path = MGCDateRange.m; sourceTree = "<group>"; };
		722A55F71892B58B0097B8FB /* MGCMonthPlannerViewLayout.h */ = {isa = PBXFileReference; fileEncoding = 4; lastKnownFileType = sourcecode.c.h; path = MGCMonthPlannerViewLayout.h; sourceTree = "<group>"; };
		722A55F81892B58B0097B8FB /* MGCMonthPlannerViewLayout.m */ = {isa = PBXFileReference; fileEncoding = 4; lastKnownFileType = sourcecode.c.objc; path = MGCMonthPlannerViewLayout.m; sourceTree = "<group>"; };
		722ABE331CB19BAC00713ED3 /* LICENSE */ = {isa = PBXFileReference; fileEncoding = 4; lastKnownFileType = text; path = LICENSE; sourceTree = "<group>"; };
		722ABE391CB19C6600713ED3 /* CalendarLib.podspec */ = {isa = PBXFileReference; lastKnownFileType = text; path = CalendarLib.podspec; sourceTree = "<group>"; };
		7233530F18397DD90079B240 /* MGCEventCellLayoutAttributes.h */ = {isa = PBXFileReference; fileEncoding = 4; lastKnownFileType = sourcecode.c.h; path = MGCEventCellLayoutAttributes.h; sourceTree = "<group>"; };
		7233531018397DD90079B240 /* MGCEventCellLayoutAttributes.m */ = {isa = PBXFileReference; fileEncoding = 4; lastKnownFileType = sourcecode.c.objc; path = MGCEventCellLayoutAttributes.m; sourceTree = "<group>"; };
		723925AF188B0AE800DE9578 /* README.md */ = {isa = PBXFileReference; fileEncoding = 4; lastKnownFileType = net.daringfireball.markdown; path = README.md; sourceTree = "<group>"; };
		723A2BAB181449F500834697 /* NSCalendar+MGCAdditions.h */ = {isa = PBXFileReference; fileEncoding = 4; lastKnownFileType = sourcecode.c.h; path = "NSCalendar+MGCAdditions.h"; sourceTree = "<group>"; };
		723A2BAC181449F500834697 /* NSCalendar+MGCAdditions.m */ = {isa = PBXFileReference; fileEncoding = 4; lastKnownFileType = sourcecode.c.objc; path = "NSCalendar+MGCAdditions.m"; sourceTree = "<group>"; };
		7248240C18D352AE0067D0D7 /* MGCYearCalendarMonthCell.h */ = {isa = PBXFileReference; fileEncoding = 4; lastKnownFileType = sourcecode.c.h; path = MGCYearCalendarMonthCell.h; sourceTree = "<group>"; };
		7248240D18D352AE0067D0D7 /* MGCYearCalendarMonthCell.m */ = {isa = PBXFileReference; fileEncoding = 4; lastKnownFileType = sourcecode.c.objc; path = MGCYearCalendarMonthCell.m; sourceTree = "<group>"; };
		7248241118D355D10067D0D7 /* MGCYearCalendarView.h */ = {isa = PBXFileReference; fileEncoding = 4; lastKnownFileType = sourcecode.c.h; path = MGCYearCalendarView.h; sourceTree = "<group>"; };
		7248241218D355D10067D0D7 /* MGCYearCalendarView.m */ = {isa = PBXFileReference; fileEncoding = 4; lastKnownFileType = sourcecode.c.objc; path = MGCYearCalendarView.m; sourceTree = "<group>"; };
		7248241618D36DFE0067D0D7 /* MGCYearCalendarMonthHeaderView.h */ = {isa = PBXFileReference; fileEncoding = 4; lastKnownFileType = sourcecode.c.h; path = MGCYearCalendarMonthHeaderView.h; sourceTree = "<group>"; };
		7248241718D36DFE0067D0D7 /* MGCYearCalendarMonthHeaderView.m */ = {isa = PBXFileReference; fileEncoding = 4; lastKnownFileType = sourcecode.c.objc; path = MGCYearCalendarMonthHeaderView.m; sourceTree = "<group>"; };
		724E03C4183F8F6A00490FC5 /* MGCDayColumnCell.h */ = {isa = PBXFileReference; fileEncoding = 4; lastKnownFileType = sourcecode.c.h; path = MGCDayColumnCell.h; sourceTree = "<group>"; };
		724E03C5183F8F6A00490FC5 /* MGCDayColumnCell.m */ = {isa = PBXFileReference; fileEncoding = 4; lastKnownFileType = sourcecode.c.objc; path = MGCDayColumnCell.m; sourceTree = "<group>"; };
		7258E8AF1A5A98DD007F88AF /* WeekSettingsViewController.h */ = {isa = PBXFileReference; fileEncoding = 4; lastKnownFileType = sourcecode.c.h; path = WeekSettingsViewController.h; sourceTree = "<group>"; };
		7258E8B01A5A98DD007F88AF /* WeekSettingsViewController.m */ = {isa = PBXFileReference; fileEncoding = 4; lastKnownFileType = sourcecode.c.objc; path = WeekSettingsViewController.m; sourceTree = "<group>"; };
		726C2037182D6F66004AEE13 /* fr */ = {isa = PBXFileReference; lastKnownFileType = text.plist.strings; name = fr; path = fr.lproj/InfoPlist.strings; sourceTree = "<group>"; };
		726C2038182D6F66004AEE13 /* fr */ = {isa = PBXFileReference; lastKnownFileType = text.plist.strings; name = fr; path = fr.lproj/InfoPlist.strings; sourceTree = "<group>"; };
		72707CDB18858F9600830A8E /* MGCMonthPlannerView.h */ = {isa = PBXFileReference; fileEncoding = 4; lastKnownFileType = sourcecode.c.h; path = MGCMonthPlannerView.h; sourceTree = "<group>"; };
		72707CDC18858F9600830A8E /* MGCMonthPlannerView.m */ = {isa = PBXFileReference; fileEncoding = 4; lastKnownFileType = sourcecode.c.objc; path = MGCMonthPlannerView.m; sourceTree = "<group>"; };
		72707CE0188592AC00830A8E /* MGCMonthPlannerViewDayCell.h */ = {isa = PBXFileReference; fileEncoding = 4; lastKnownFileType = sourcecode.c.h; path = MGCMonthPlannerViewDayCell.h; sourceTree = "<group>"; };
		72707CE1188592AC00830A8E /* MGCMonthPlannerViewDayCell.m */ = {isa = PBXFileReference; fileEncoding = 4; lastKnownFileType = sourcecode.c.objc; path = MGCMonthPlannerViewDayCell.m; sourceTree = "<group>"; };
		72734BB61B32E93800B2BA49 /* main-iPhone.storyboard */ = {isa = PBXFileReference; fileEncoding = 4; lastKnownFileType = file.storyboard; path = "main-iPhone.storyboard"; sourceTree = "<group>"; };
		7275C49F1C46E87B0036C9A3 /* Launch Screen.storyboard */ = {isa = PBXFileReference; fileEncoding = 4; lastKnownFileType = file.storyboard; path = "Launch Screen.storyboard"; sourceTree = "<group>"; };
		72780F8F1CB6D0DF00CA5513 /* MGCAlignedGeometry.h */ = {isa = PBXFileReference; fileEncoding = 4; lastKnownFileType = sourcecode.c.h; path = MGCAlignedGeometry.h; sourceTree = "<group>"; };
		72780F901CB6D0DF00CA5513 /* MGCAlignedGeometry.m */ = {isa = PBXFileReference; fileEncoding = 4; lastKnownFileType = sourcecode.c.objc; path = MGCAlignedGeometry.m; sourceTree = "<group>"; };
		727A94B018F3B9C300260D6E /* MGCEventsRowView.h */ = {isa = PBXFileReference; fileEncoding = 4; lastKnownFileType = sourcecode.c.h; path = MGCEventsRowView.h; sourceTree = "<group>"; };
		727A94B118F3B9C300260D6E /* MGCEventsRowView.m */ = {isa = PBXFileReference; fileEncoding = 4; lastKnownFileType = sourcecode.c.objc; path = MGCEventsRowView.m; sourceTree = "<group>"; };
		727A94B618F3D28F00260D6E /* MGCEventView.h */ = {isa = PBXFileReference; fileEncoding = 4; lastKnownFileType = sourcecode.c.h; path = MGCEventView.h; sourceTree = "<group>"; };
		727A94B718F3D28F00260D6E /* MGCEventView.m */ = {isa = PBXFileReference; fileEncoding = 4; lastKnownFileType = sourcecode.c.objc; path = MGCEventView.m; sourceTree = "<group>"; };
		727A94BB18F3D2E000260D6E /* MGCStandardEventView.h */ = {isa = PBXFileReference; fileEncoding = 4; lastKnownFileType = sourcecode.c.h; path = MGCStandardEventView.h; sourceTree = "<group>"; };
		727A94BC18F3D2E000260D6E /* MGCStandardEventView.m */ = {isa = PBXFileReference; fileEncoding = 4; lastKnownFileType = sourcecode.c.objc; path = MGCStandardEventView.m; sourceTree = "<group>"; };
		728438151A3A308900477A5C /* MGCAllDayEventsViewLayout.h */ = {isa = PBXFileReference; fileEncoding = 4; lastKnownFileType = sourcecode.c.h; path = MGCAllDayEventsViewLayout.h; sourceTree = "<group>"; };
		728438161A3A308900477A5C /* MGCAllDayEventsViewLayout.m */ = {isa = PBXFileReference; fileEncoding = 4; lastKnownFileType = sourcecode.c.objc; path = MGCAllDayEventsViewLayout.m; sourceTree = "<group>"; };
		7290307C1A5031EF008C58D3 /* MGCTimeRowsView.h */ = {isa = PBXFileReference; fileEncoding = 4; lastKnownFileType = sourcecode.c.h; path = MGCTimeRowsView.h; sourceTree = "<group>"; };
		7290307D1A5031EF008C58D3 /* MGCTimeRowsView.m */ = {isa = PBXFileReference; fileEncoding = 4; lastKnownFileType = sourcecode.c.objc; path = MGCTimeRowsView.m; sourceTree = "<group>"; };
		72AE50281A641419004DAF44 /* MGCInteractiveEventView.h */ = {isa = PBXFileReference; fileEncoding = 4; lastKnownFileType = sourcecode.c.h; path = MGCInteractiveEventView.h; sourceTree = "<group>"; };
		72AE50291A641419004DAF44 /* MGCInteractiveEventView.m */ = {isa = PBXFileReference; fileEncoding = 4; lastKnownFileType = sourcecode.c.objc; path = MGCInteractiveEventView.m; sourceTree = "<group>"; };
		72B5D8EE180D73E0004ADB86 /* CalendarDemo.app */ = {isa = PBXFileReference; explicitFileType = wrapper.application; includeInIndex = 0; path = CalendarDemo.app; sourceTree = BUILT_PRODUCTS_DIR; };
		72B5D8F1180D73E0004ADB86 /* Foundation.framework */ = {isa = PBXFileReference; lastKnownFileType = wrapper.framework; name = Foundation.framework; path = System/Library/Frameworks/Foundation.framework; sourceTree = SDKROOT; };
		72B5D8F3180D73E0004ADB86 /* CoreGraphics.framework */ = {isa = PBXFileReference; lastKnownFileType = wrapper.framework; name = CoreGraphics.framework; path = System/Library/Frameworks/CoreGraphics.framework; sourceTree = SDKROOT; };
		72B5D8F5180D73E0004ADB86 /* UIKit.framework */ = {isa = PBXFileReference; lastKnownFileType = wrapper.framework; name = UIKit.framework; path = System/Library/Frameworks/UIKit.framework; sourceTree = SDKROOT; };
		72B5D8F9180D73E0004ADB86 /* Calendar-Info.plist */ = {isa = PBXFileReference; lastKnownFileType = text.plist.xml; path = "Calendar-Info.plist"; sourceTree = "<group>"; };
		72B5D8FB180D73E0004ADB86 /* en */ = {isa = PBXFileReference; lastKnownFileType = text.plist.strings; name = en; path = en.lproj/InfoPlist.strings; sourceTree = "<group>"; };
		72B5D8FD180D73E0004ADB86 /* main.m */ = {isa = PBXFileReference; lastKnownFileType = sourcecode.c.objc; path = main.m; sourceTree = "<group>"; };
		72B5D8FF180D73E0004ADB86 /* Calendar-Prefix.pch */ = {isa = PBXFileReference; lastKnownFileType = sourcecode.c.h; path = "Calendar-Prefix.pch"; sourceTree = "<group>"; };
		72B5D900180D73E0004ADB86 /* AppDelegate.h */ = {isa = PBXFileReference; lastKnownFileType = sourcecode.c.h; path = AppDelegate.h; sourceTree = "<group>"; };
		72B5D901180D73E0004ADB86 /* AppDelegate.m */ = {isa = PBXFileReference; lastKnownFileType = sourcecode.c.objc; path = AppDelegate.m; sourceTree = "<group>"; };
		72B5D903180D73E0004ADB86 /* Images.xcassets */ = {isa = PBXFileReference; lastKnownFileType = folder.assetcatalog; path = Images.xcassets; sourceTree = "<group>"; };
		72B5D909180D73E0004ADB86 /* CalendarTests.xctest */ = {isa = PBXFileReference; explicitFileType = wrapper.cfbundle; includeInIndex = 0; path = CalendarTests.xctest; sourceTree = BUILT_PRODUCTS_DIR; };
		72B5D90A180D73E0004ADB86 /* XCTest.framework */ = {isa = PBXFileReference; lastKnownFileType = wrapper.framework; name = XCTest.framework; path = Library/Frameworks/XCTest.framework; sourceTree = DEVELOPER_DIR; };
		72B5D912180D73E0004ADB86 /* CalendarTests-Info.plist */ = {isa = PBXFileReference; lastKnownFileType = text.plist.xml; path = "CalendarTests-Info.plist"; sourceTree = "<group>"; };
		72B5D914180D73E0004ADB86 /* en */ = {isa = PBXFileReference; lastKnownFileType = text.plist.strings; name = en; path = en.lproj/InfoPlist.strings; sourceTree = "<group>"; };
		72B5D916180D73E0004ADB86 /* CalendarTests.m */ = {isa = PBXFileReference; lastKnownFileType = sourcecode.c.objc; path = CalendarTests.m; sourceTree = "<group>"; };
		72B5D920180D73F3004ADB86 /* EventKit.framework */ = {isa = PBXFileReference; lastKnownFileType = wrapper.framework; name = EventKit.framework; path = System/Library/Frameworks/EventKit.framework; sourceTree = SDKROOT; };
		72B5D921180D73F3004ADB86 /* EventKitUI.framework */ = {isa = PBXFileReference; lastKnownFileType = wrapper.framework; name = EventKitUI.framework; path = System/Library/Frameworks/EventKitUI.framework; sourceTree = SDKROOT; };
		72B5D927180D7476004ADB86 /* main-iPad.storyboard */ = {isa = PBXFileReference; fileEncoding = 4; lastKnownFileType = file.storyboard; path = "main-iPad.storyboard"; sourceTree = "<group>"; };
		72B5D92C180D7840004ADB86 /* MGCEventCell.h */ = {isa = PBXFileReference; fileEncoding = 4; lastKnownFileType = sourcecode.c.h; path = MGCEventCell.h; sourceTree = "<group>"; };
		72B5D92D180D7840004ADB86 /* MGCEventCell.m */ = {isa = PBXFileReference; fileEncoding = 4; lastKnownFileType = sourcecode.c.objc; path = MGCEventCell.m; sourceTree = "<group>"; };
		72B5D951180D9A93004ADB86 /* MGCTimedEventsViewLayout.h */ = {isa = PBXFileReference; fileEncoding = 4; lastKnownFileType = sourcecode.c.h; path = MGCTimedEventsViewLayout.h; sourceTree = "<group>"; };
		72B5D952180D9A93004ADB86 /* MGCTimedEventsViewLayout.m */ = {isa = PBXFileReference; fileEncoding = 4; lastKnownFileType = sourcecode.c.objc; path = MGCTimedEventsViewLayout.m; sourceTree = "<group>"; };
		72DD627418155AAD00D270DB /* MGCDayPlannerView.h */ = {isa = PBXFileReference; fileEncoding = 4; lastKnownFileType = sourcecode.c.h; path = MGCDayPlannerView.h; sourceTree = "<group>"; };
		72DD627518155AAD00D270DB /* MGCDayPlannerView.m */ = {isa = PBXFileReference; fileEncoding = 4; lastKnownFileType = sourcecode.c.objc; path = MGCDayPlannerView.m; sourceTree = "<group>"; };
		72E13E8D18EDA1A200F1D740 /* MGCMonthPlannerBackgroundView.h */ = {isa = PBXFileReference; fileEncoding = 4; lastKnownFileType = sourcecode.c.h; path = MGCMonthPlannerBackgroundView.h; sourceTree = "<group>"; };
		72E13E8E18EDA1A200F1D740 /* MGCMonthPlannerBackgroundView.m */ = {isa = PBXFileReference; fileEncoding = 4; lastKnownFileType = sourcecode.c.objc; path = MGCMonthPlannerBackgroundView.m; sourceTree = "<group>"; };
		72E13E9318EE0D7A00F1D740 /* MGCMonthPlannerWeekView.h */ = {isa = PBXFileReference; fileEncoding = 4; lastKnownFileType = sourcecode.c.h; path = MGCMonthPlannerWeekView.h; sourceTree = "<group>"; };
		72E13E9418EE0D7A00F1D740 /* MGCMonthPlannerWeekView.m */ = {isa = PBXFileReference; fileEncoding = 4; lastKnownFileType = sourcecode.c.objc; path = MGCMonthPlannerWeekView.m; sourceTree = "<group>"; };
		72E82BBB1A80E197008B3E2F /* MGCDayPlannerEKViewController.h */ = {isa = PBXFileReference; fileEncoding = 4; lastKnownFileType = sourcecode.c.h; path = MGCDayPlannerEKViewController.h; sourceTree = "<group>"; };
		72E82BBC1A80E197008B3E2F /* MGCDayPlannerEKViewController.m */ = {isa = PBXFileReference; fileEncoding = 4; lastKnownFileType = sourcecode.c.objc; path = MGCDayPlannerEKViewController.m; sourceTree = "<group>"; };
		72E82BC91A83A3FF008B3E2F /* MGCMonthPlannerEKViewController.h */ = {isa = PBXFileReference; fileEncoding = 4; lastKnownFileType = sourcecode.c.h; path = MGCMonthPlannerEKViewController.h; sourceTree = "<group>"; };
		72E82BCA1A83A3FF008B3E2F /* MGCMonthPlannerEKViewController.m */ = {isa = PBXFileReference; fileEncoding = 4; lastKnownFileType = sourcecode.c.objc; path = MGCMonthPlannerEKViewController.m; sourceTree = "<group>"; };
		72E8D24D18F98F1C00024582 /* MGCMonthMiniCalendarView.h */ = {isa = PBXFileReference; fileEncoding = 4; lastKnownFileType = sourcecode.c.h; path = MGCMonthMiniCalendarView.h; sourceTree = "<group>"; };
		72E8D24E18F98F1C00024582 /* MGCMonthMiniCalendarView.m */ = {isa = PBXFileReference; fileEncoding = 4; lastKnownFileType = sourcecode.c.objc; path = MGCMonthMiniCalendarView.m; sourceTree = "<group>"; };
		72E8D25718FC474500024582 /* MGCReusableObjectQueue.h */ = {isa = PBXFileReference; fileEncoding = 4; lastKnownFileType = sourcecode.c.h; path = MGCReusableObjectQueue.h; sourceTree = "<group>"; };
		72E8D25818FC474500024582 /* MGCReusableObjectQueue.m */ = {isa = PBXFileReference; fileEncoding = 4; lastKnownFileType = sourcecode.c.objc; path = MGCReusableObjectQueue.m; sourceTree = "<group>"; };
		72E9B90E1C8E34020070EDD3 /* MGCMonthPlannerHeaderView.h */ = {isa = PBXFileReference; fileEncoding = 4; lastKnownFileType = sourcecode.c.h; path = MGCMonthPlannerHeaderView.h; sourceTree = "<group>"; };
		72E9B90F1C8E34020070EDD3 /* MGCMonthPlannerHeaderView.m */ = {isa = PBXFileReference; fileEncoding = 4; lastKnownFileType = sourcecode.c.objc; path = MGCMonthPlannerHeaderView.m; sourceTree = "<group>"; };
		72E9B9151C919EF20070EDD3 /* settings.storyboard */ = {isa = PBXFileReference; fileEncoding = 4; lastKnownFileType = file.storyboard; path = settings.storyboard; sourceTree = "<group>"; };
		72E9B9171C91E3520070EDD3 /* MonthSettingsViewController.h */ = {isa = PBXFileReference; fileEncoding = 4; lastKnownFileType = sourcecode.c.h; path = MonthSettingsViewController.h; sourceTree = "<group>"; };
		72E9B9181C91E3520070EDD3 /* MonthSettingsViewController.m */ = {isa = PBXFileReference; fileEncoding = 4; lastKnownFileType = sourcecode.c.objc; path = MonthSettingsViewController.m; sourceTree = "<group>"; };
		72EF07F21A3D8D13005699CA /* MGCDayPlannerViewController.h */ = {isa = PBXFileReference; fileEncoding = 4; lastKnownFileType = sourcecode.c.h; path = MGCDayPlannerViewController.h; sourceTree = "<group>"; };
		72EF07F31A3D8D13005699CA /* MGCDayPlannerViewController.m */ = {isa = PBXFileReference; fileEncoding = 4; lastKnownFileType = sourcecode.c.objc; path = MGCDayPlannerViewController.m; sourceTree = "<group>"; };
		72EF07FD1A3D9DF8005699CA /* WeekViewController.h */ = {isa = PBXFileReference; fileEncoding = 4; lastKnownFileType = sourcecode.c.h; path = WeekViewController.h; sourceTree = "<group>"; };
		72EF07FE1A3D9DF8005699CA /* WeekViewController.m */ = {isa = PBXFileReference; fileEncoding = 4; lastKnownFileType = sourcecode.c.objc; path = WeekViewController.m; sourceTree = "<group>"; };
		72EF08031A3DA597005699CA /* MGCMonthPlannerViewController.h */ = {isa = PBXFileReference; fileEncoding = 4; lastKnownFileType = sourcecode.c.h; path = MGCMonthPlannerViewController.h; sourceTree = "<group>"; };
		72EF08041A3DA597005699CA /* MGCMonthPlannerViewController.m */ = {isa = PBXFileReference; fileEncoding = 4; lastKnownFileType = sourcecode.c.objc; path = MGCMonthPlannerViewController.m; sourceTree = "<group>"; };
		72EF080B1A3DB8C6005699CA /* MonthViewController.h */ = {isa = PBXFileReference; fileEncoding = 4; lastKnownFileType = sourcecode.c.h; path = MonthViewController.h; sourceTree = "<group>"; };
		72EF080C1A3DB8C6005699CA /* MonthViewController.m */ = {isa = PBXFileReference; fileEncoding = 4; lastKnownFileType = sourcecode.c.objc; path = MonthViewController.m; sourceTree = "<group>"; };
		72EF080D1A3DB8C6005699CA /* YearViewController.h */ = {isa = PBXFileReference; fileEncoding = 4; lastKnownFileType = sourcecode.c.h; path = YearViewController.h; sourceTree = "<group>"; };
		72EF080E1A3DB8C6005699CA /* YearViewController.m */ = {isa = PBXFileReference; fileEncoding = 4; lastKnownFileType = sourcecode.c.objc; path = YearViewController.m; sourceTree = "<group>"; };
		BC32A45E1D30FED500AB19D7 /* DayViewController.h */ = {isa = PBXFileReference; fileEncoding = 4; lastKnownFileType = sourcecode.c.h; path = DayViewController.h; sourceTree = "<group>"; };
		BC32A45F1D30FED600AB19D7 /* DayViewController.m */ = {isa = PBXFileReference; fileEncoding = 4; lastKnownFileType = sourcecode.c.objc; path = DayViewController.m; sourceTree = "<group>"; };
		BC32A4611D31003C00AB19D7 /* MGCCalendarHeaderView.h */ = {isa = PBXFileReference; fileEncoding = 4; lastKnownFileType = sourcecode.c.h; path = MGCCalendarHeaderView.h; sourceTree = "<group>"; };
		BC32A4621D31003C00AB19D7 /* MGCCalendarHeaderView.m */ = {isa = PBXFileReference; fileEncoding = 4; lastKnownFileType = sourcecode.c.objc; path = MGCCalendarHeaderView.m; sourceTree = "<group>"; };
		BC32A4641D3100D600AB19D7 /* MGCCalendarHeaderCell.h */ = {isa = PBXFileReference; fileEncoding = 4; lastKnownFileType = sourcecode.c.h; path = MGCCalendarHeaderCell.h; sourceTree = "<group>"; };
		BC32A4651D3100D600AB19D7 /* MGCCalendarHeaderCell.m */ = {isa = PBXFileReference; fileEncoding = 4; lastKnownFileType = sourcecode.c.objc; path = MGCCalendarHeaderCell.m; sourceTree = "<group>"; };
		BC32A4671D3101BB00AB19D7 /* MGCCalendarHeaderCell.xib */ = {isa = PBXFileReference; fileEncoding = 4; lastKnownFileType = file.xib; path = MGCCalendarHeaderCell.xib; sourceTree = "<group>"; };
		CA15378324065AA6000A14C7 /* UniversalCalendar.framework */ = {isa = PBXFileReference; explicitFileType = wrapper.framework; includeInIndex = 0; path = UniversalCalendar.framework; sourceTree = BUILT_PRODUCTS_DIR; };
		CA15378524065AA6000A14C7 /* UniversalCalendar.h */ = {isa = PBXFileReference; lastKnownFileType = sourcecode.c.h; path = UniversalCalendar.h; sourceTree = "<group>"; };
		CA15378624065AA6000A14C7 /* Info.plist */ = {isa = PBXFileReference; lastKnownFileType = text.plist.xml; path = Info.plist; sourceTree = "<group>"; };
		CA15378B24065AD8000A14C7 /* MGCDayPlannerViewController.h */ = {isa = PBXFileReference; fileEncoding = 4; lastKnownFileType = sourcecode.c.h; path = MGCDayPlannerViewController.h; sourceTree = "<group>"; };
		CA15378C24065AD8000A14C7 /* MGCYearCalendarMonthHeaderView.h */ = {isa = PBXFileReference; fileEncoding = 4; lastKnownFileType = sourcecode.c.h; path = MGCYearCalendarMonthHeaderView.h; sourceTree = "<group>"; };
		CA15378D24065AD9000A14C7 /* MGCAlignedGeometry.h */ = {isa = PBXFileReference; fileEncoding = 4; lastKnownFileType = sourcecode.c.h; path = MGCAlignedGeometry.h; sourceTree = "<group>"; };
		CA15378E24065AD9000A14C7 /* MGCAllDayEventsViewLayout.h */ = {isa = PBXFileReference; fileEncoding = 4; lastKnownFileType = sourcecode.c.h; path = MGCAllDayEventsViewLayout.h; sourceTree = "<group>"; };
		CA15378F24065AD9000A14C7 /* MGCMonthPlannerViewLayout.h */ = {isa = PBXFileReference; fileEncoding = 4; lastKnownFileType = sourcecode.c.h; path = MGCMonthPlannerViewLayout.h; sourceTree = "<group>"; };
		CA15379024065AD9000A14C7 /* MGCCalendarHeaderView.m */ = {isa = PBXFileReference; fileEncoding = 4; lastKnownFileType = sourcecode.c.objc; path = MGCCalendarHeaderView.m; sourceTree = "<group>"; };
		CA15379124065AD9000A14C7 /* MGCMonthPlannerWeekView.m */ = {isa = PBXFileReference; fileEncoding = 4; lastKnownFileType = sourcecode.c.objc; path = MGCMonthPlannerWeekView.m; sourceTree = "<group>"; };
		CA15379224065AD9000A14C7 /* MGCMonthPlannerViewController.h */ = {isa = PBXFileReference; fileEncoding = 4; lastKnownFileType = sourcecode.c.h; path = MGCMonthPlannerViewController.h; sourceTree = "<group>"; };
		CA15379324065AD9000A14C7 /* OSCache.m */ = {isa = PBXFileReference; fileEncoding = 4; lastKnownFileType = sourcecode.c.objc; path = OSCache.m; sourceTree = "<group>"; };
		CA15379424065AD9000A14C7 /* MGCYearCalendarMonthHeaderView.m */ = {isa = PBXFileReference; fileEncoding = 4; lastKnownFileType = sourcecode.c.objc; path = MGCYearCalendarMonthHeaderView.m; sourceTree = "<group>"; };
		CA15379524065AD9000A14C7 /* MGCAllDayEventsViewLayout.m */ = {isa = PBXFileReference; fileEncoding = 4; lastKnownFileType = sourcecode.c.objc; path = MGCAllDayEventsViewLayout.m; sourceTree = "<group>"; };
		CA15379624065AD9000A14C7 /* MGCMonthPlannerHeaderView.m */ = {isa = PBXFileReference; fileEncoding = 4; lastKnownFileType = sourcecode.c.objc; path = MGCMonthPlannerHeaderView.m; sourceTree = "<group>"; };
		CA15379724065AD9000A14C7 /* MGCMonthPlannerHeaderView.h */ = {isa = PBXFileReference; fileEncoding = 4; lastKnownFileType = sourcecode.c.h; path = MGCMonthPlannerHeaderView.h; sourceTree = "<group>"; };
		CA15379824065AD9000A14C7 /* MGCMonthPlannerView.h */ = {isa = PBXFileReference; fileEncoding = 4; lastKnownFileType = sourcecode.c.h; path = MGCMonthPlannerView.h; sourceTree = "<group>"; };
		CA15379924065AD9000A14C7 /* MGCStandardEventView.m */ = {isa = PBXFileReference; fileEncoding = 4; lastKnownFileType = sourcecode.c.objc; path = MGCStandardEventView.m; sourceTree = "<group>"; };
		CA15379A24065AD9000A14C7 /* MGCMonthPlannerWeekView.h */ = {isa = PBXFileReference; fileEncoding = 4; lastKnownFileType = sourcecode.c.h; path = MGCMonthPlannerWeekView.h; sourceTree = "<group>"; };
		CA15379B24065AD9000A14C7 /* MGCYearCalendarMonthCell.h */ = {isa = PBXFileReference; fileEncoding = 4; lastKnownFileType = sourcecode.c.h; path = MGCYearCalendarMonthCell.h; sourceTree = "<group>"; };
		CA15379C24065ADA000A14C7 /* MGCEventsRowView.m */ = {isa = PBXFileReference; fileEncoding = 4; lastKnownFileType = sourcecode.c.objc; path = MGCEventsRowView.m; sourceTree = "<group>"; };
		CA15379D24065ADA000A14C7 /* MGCMonthPlannerViewDayCell.m */ = {isa = PBXFileReference; fileEncoding = 4; lastKnownFileType = sourcecode.c.objc; path = MGCMonthPlannerViewDayCell.m; sourceTree = "<group>"; };
		CA15379E24065ADA000A14C7 /* MGCMonthPlannerBackgroundView.h */ = {isa = PBXFileReference; fileEncoding = 4; lastKnownFileType = sourcecode.c.h; path = MGCMonthPlannerBackgroundView.h; sourceTree = "<group>"; };
		CA15379F24065ADA000A14C7 /* MGCDayPlannerViewController.m */ = {isa = PBXFileReference; fileEncoding = 4; lastKnownFileType = sourcecode.c.objc; path = MGCDayPlannerViewController.m; sourceTree = "<group>"; };
		CA1537A024065ADA000A14C7 /* Constant.h */ = {isa = PBXFileReference; fileEncoding = 4; lastKnownFileType = sourcecode.c.h; path = Constant.h; sourceTree = "<group>"; };
		CA1537A124065ADA000A14C7 /* MGCCalendarHeaderCell.xib */ = {isa = PBXFileReference; fileEncoding = 4; lastKnownFileType = file.xib; path = MGCCalendarHeaderCell.xib; sourceTree = "<group>"; };
		CA1537A224065ADA000A14C7 /* MGCMonthPlannerViewDayCell.h */ = {isa = PBXFileReference; fileEncoding = 4; lastKnownFileType = sourcecode.c.h; path = MGCMonthPlannerViewDayCell.h; sourceTree = "<group>"; };
		CA1537A324065ADA000A14C7 /* MGCTimeRowsView.m */ = {isa = PBXFileReference; fileEncoding = 4; lastKnownFileType = sourcecode.c.objc; path = MGCTimeRowsView.m; sourceTree = "<group>"; };
		CA1537A424065ADA000A14C7 /* MGCYearCalendarMonthCell.m */ = {isa = PBXFileReference; fileEncoding = 4; lastKnownFileType = sourcecode.c.objc; path = MGCYearCalendarMonthCell.m; sourceTree = "<group>"; };
		CA1537A724065ADA000A14C7 /* en */ = {isa = PBXFileReference; lastKnownFileType = text.plist.strings; name = en; path = Localizable.strings; sourceTree = "<group>"; };
		CA1537A824065ADA000A14C7 /* MGCDayPlannerView.h */ = {isa = PBXFileReference; fileEncoding = 4; lastKnownFileType = sourcecode.c.h; path = MGCDayPlannerView.h; sourceTree = "<group>"; };
		CA1537A924065ADB000A14C7 /* NSAttributedString+MGCAdditions.m */ = {isa = PBXFileReference; fileEncoding = 4; lastKnownFileType = sourcecode.c.objc; path = "NSAttributedString+MGCAdditions.m"; sourceTree = "<group>"; };
		CA1537AC24065ADB000A14C7 /* fr */ = {isa = PBXFileReference; lastKnownFileType = text.plist.strings; name = fr; path = Localizable.strings; sourceTree = "<group>"; };
		CA1537AD24065ADB000A14C7 /* MGCAlignedGeometry.m */ = {isa = PBXFileReference; fileEncoding = 4; lastKnownFileType = sourcecode.c.objc; path = MGCAlignedGeometry.m; sourceTree = "<group>"; };
		CA1537AE24065ADB000A14C7 /* MGCInteractiveEventView.m */ = {isa = PBXFileReference; fileEncoding = 4; lastKnownFileType = sourcecode.c.objc; path = MGCInteractiveEventView.m; sourceTree = "<group>"; };
		CA1537AF24065ADB000A14C7 /* MGCDayColumnCell.h */ = {isa = PBXFileReference; fileEncoding = 4; lastKnownFileType = sourcecode.c.h; path = MGCDayColumnCell.h; sourceTree = "<group>"; };
		CA1537B024065ADC000A14C7 /* MGCMonthPlannerViewLayout.m */ = {isa = PBXFileReference; fileEncoding = 4; lastKnownFileType = sourcecode.c.objc; path = MGCMonthPlannerViewLayout.m; sourceTree = "<group>"; };
		CA1537B124065ADC000A14C7 /* MGCMonthPlannerView.m */ = {isa = PBXFileReference; fileEncoding = 4; lastKnownFileType = sourcecode.c.objc; path = MGCMonthPlannerView.m; sourceTree = "<group>"; };
		CA1537B224065ADC000A14C7 /* MGCInteractiveEventView.h */ = {isa = PBXFileReference; fileEncoding = 4; lastKnownFileType = sourcecode.c.h; path = MGCInteractiveEventView.h; sourceTree = "<group>"; };
		CA1537B324065ADC000A14C7 /* MGCDateRange.h */ = {isa = PBXFileReference; fileEncoding = 4; lastKnownFileType = sourcecode.c.h; path = MGCDateRange.h; sourceTree = "<group>"; };
		CA1537B424065ADC000A14C7 /* NSCalendar+MGCAdditions.h */ = {isa = PBXFileReference; fileEncoding = 4; lastKnownFileType = sourcecode.c.h; path = "NSCalendar+MGCAdditions.h"; sourceTree = "<group>"; };
		CA1537B524065ADD000A14C7 /* MGCDayPlannerEKViewController.m */ = {isa = PBXFileReference; fileEncoding = 4; lastKnownFileType = sourcecode.c.objc; path = MGCDayPlannerEKViewController.m; sourceTree = "<group>"; };
		CA1537B624065ADD000A14C7 /* MGCMonthPlannerBackgroundView.m */ = {isa = PBXFileReference; fileEncoding = 4; lastKnownFileType = sourcecode.c.objc; path = MGCMonthPlannerBackgroundView.m; sourceTree = "<group>"; };
		CA1537B724065ADD000A14C7 /* MGCTimedEventsViewLayout.h */ = {isa = PBXFileReference; fileEncoding = 4; lastKnownFileType = sourcecode.c.h; path = MGCTimedEventsViewLayout.h; sourceTree = "<group>"; };
		CA1537B824065ADD000A14C7 /* MGCDayPlannerEKViewController.h */ = {isa = PBXFileReference; fileEncoding = 4; lastKnownFileType = sourcecode.c.h; path = MGCDayPlannerEKViewController.h; sourceTree = "<group>"; };
		CA1537B924065ADE000A14C7 /* MGCEventCellLayoutAttributes.h */ = {isa = PBXFileReference; fileEncoding = 4; lastKnownFileType = sourcecode.c.h; path = MGCEventCellLayoutAttributes.h; sourceTree = "<group>"; };
		CA1537BA24065ADE000A14C7 /* MGCEventCell.h */ = {isa = PBXFileReference; fileEncoding = 4; lastKnownFileType = sourcecode.c.h; path = MGCEventCell.h; sourceTree = "<group>"; };
		CA1537BB24065ADE000A14C7 /* MGCStandardEventView.h */ = {isa = PBXFileReference; fileEncoding = 4; lastKnownFileType = sourcecode.c.h; path = MGCStandardEventView.h; sourceTree = "<group>"; };
		CA1537BC24065ADE000A14C7 /* MGCEventKitSupport.h */ = {isa = PBXFileReference; fileEncoding = 4; lastKnownFileType = sourcecode.c.h; path = MGCEventKitSupport.h; sourceTree = "<group>"; };
		CA1537BD24065ADE000A14C7 /* NSAttributedString+MGCAdditions.h */ = {isa = PBXFileReference; fileEncoding = 4; lastKnownFileType = sourcecode.c.h; path = "NSAttributedString+MGCAdditions.h"; sourceTree = "<group>"; };
		CA1537BE24065ADE000A14C7 /* MGCDayColumnCell.m */ = {isa = PBXFileReference; fileEncoding = 4; lastKnownFileType = sourcecode.c.objc; path = MGCDayColumnCell.m; sourceTree = "<group>"; };
		CA1537BF24065ADF000A14C7 /* MGCEventCellLayoutAttributes.m */ = {isa = PBXFileReference; fileEncoding = 4; lastKnownFileType = sourcecode.c.objc; path = MGCEventCellLayoutAttributes.m; sourceTree = "<group>"; };
		CA1537C024065ADF000A14C7 /* NSCalendar+MGCAdditions.m */ = {isa = PBXFileReference; fileEncoding = 4; lastKnownFileType = sourcecode.c.objc; path = "NSCalendar+MGCAdditions.m"; sourceTree = "<group>"; };
		CA1537C124065ADF000A14C7 /* MGCEventCell.m */ = {isa = PBXFileReference; fileEncoding = 4; lastKnownFileType = sourcecode.c.objc; path = MGCEventCell.m; sourceTree = "<group>"; };
		CA1537C224065ADF000A14C7 /* MGCReusableObjectQueue.h */ = {isa = PBXFileReference; fileEncoding = 4; lastKnownFileType = sourcecode.c.h; path = MGCReusableObjectQueue.h; sourceTree = "<group>"; };
		CA1537C324065ADF000A14C7 /* MGCReusableObjectQueue.m */ = {isa = PBXFileReference; fileEncoding = 4; lastKnownFileType = sourcecode.c.objc; path = MGCReusableObjectQueue.m; sourceTree = "<group>"; };
		CA1537C424065ADF000A14C7 /* MGCMonthPlannerEKViewController.h */ = {isa = PBXFileReference; fileEncoding = 4; lastKnownFileType = sourcecode.c.h; path = MGCMonthPlannerEKViewController.h; sourceTree = "<group>"; };
		CA1537C524065ADF000A14C7 /* MGCYearCalendarView.h */ = {isa = PBXFileReference; fileEncoding = 4; lastKnownFileType = sourcecode.c.h; path = MGCYearCalendarView.h; sourceTree = "<group>"; };
		CA1537C624065AE0000A14C7 /* MGCTimeRowsView.h */ = {isa = PBXFileReference; fileEncoding = 4; lastKnownFileType = sourcecode.c.h; path = MGCTimeRowsView.h; sourceTree = "<group>"; };
		CA1537C724065AE0000A14C7 /* OSCache.h */ = {isa = PBXFileReference; fileEncoding = 4; lastKnownFileType = sourcecode.c.h; path = OSCache.h; sourceTree = "<group>"; };
		CA1537C824065AE0000A14C7 /* MGCCalendarHeaderView.h */ = {isa = PBXFileReference; fileEncoding = 4; lastKnownFileType = sourcecode.c.h; path = MGCCalendarHeaderView.h; sourceTree = "<group>"; };
		CA1537C924065AE0000A14C7 /* MGCYearCalendarView.m */ = {isa = PBXFileReference; fileEncoding = 4; lastKnownFileType = sourcecode.c.objc; path = MGCYearCalendarView.m; sourceTree = "<group>"; };
		CA1537CA24065AE0000A14C7 /* OrderedDictionary.m */ = {isa = PBXFileReference; fileEncoding = 4; lastKnownFileType = sourcecode.c.objc; path = OrderedDictionary.m; sourceTree = "<group>"; };
		CA1537CB24065AE0000A14C7 /* MGCEventView.m */ = {isa = PBXFileReference; fileEncoding = 4; lastKnownFileType = sourcecode.c.objc; path = MGCEventView.m; sourceTree = "<group>"; };
		CA1537CC24065AE0000A14C7 /* MGCMonthMiniCalendarView.m */ = {isa = PBXFileReference; fileEncoding = 4; lastKnownFileType = sourcecode.c.objc; path = MGCMonthMiniCalendarView.m; sourceTree = "<group>"; };
		CA1537CD24065AE1000A14C7 /* MGCTimedEventsViewLayout.m */ = {isa = PBXFileReference; fileEncoding = 4; lastKnownFileType = sourcecode.c.objc; path = MGCTimedEventsViewLayout.m; sourceTree = "<group>"; };
		CA1537CE24065AE1000A14C7 /* MGCMonthPlannerViewController.m */ = {isa = PBXFileReference; fileEncoding = 4; lastKnownFileType = sourcecode.c.objc; path = MGCMonthPlannerViewController.m; sourceTree = "<group>"; };
		CA1537CF24065AE1000A14C7 /* MGCEventKitSupport.m */ = {isa = PBXFileReference; fileEncoding = 4; lastKnownFileType = sourcecode.c.objc; path = MGCEventKitSupport.m; sourceTree = "<group>"; };
		CA1537D024065AE1000A14C7 /* MGCCalendarHeaderCell.m */ = {isa = PBXFileReference; fileEncoding = 4; lastKnownFileType = sourcecode.c.objc; path = MGCCalendarHeaderCell.m; sourceTree = "<group>"; };
		CA1537D124065AE1000A14C7 /* OrderedDictionary.h */ = {isa = PBXFileReference; fileEncoding = 4; lastKnownFileType = sourcecode.c.h; path = OrderedDictionary.h; sourceTree = "<group>"; };
		CA1537D224065AE1000A14C7 /* MGCCalendarHeaderCell.h */ = {isa = PBXFileReference; fileEncoding = 4; lastKnownFileType = sourcecode.c.h; path = MGCCalendarHeaderCell.h; sourceTree = "<group>"; };
		CA1537D324065AE2000A14C7 /* MGCEventView.h */ = {isa = PBXFileReference; fileEncoding = 4; lastKnownFileType = sourcecode.c.h; path = MGCEventView.h; sourceTree = "<group>"; };
		CA1537D424065AE2000A14C7 /* MGCEventsRowView.h */ = {isa = PBXFileReference; fileEncoding = 4; lastKnownFileType = sourcecode.c.h; path = MGCEventsRowView.h; sourceTree = "<group>"; };
		CA1537D524065AE2000A14C7 /* MGCMonthPlannerEKViewController.m */ = {isa = PBXFileReference; fileEncoding = 4; lastKnownFileType = sourcecode.c.objc; path = MGCMonthPlannerEKViewController.m; sourceTree = "<group>"; };
		CA1537D624065AE2000A14C7 /* MGCMonthMiniCalendarView.h */ = {isa = PBXFileReference; fileEncoding = 4; lastKnownFileType = sourcecode.c.h; path = MGCMonthMiniCalendarView.h; sourceTree = "<group>"; };
		CA1537D724065AE2000A14C7 /* MGCDateRange.m */ = {isa = PBXFileReference; fileEncoding = 4; lastKnownFileType = sourcecode.c.objc; path = MGCDateRange.m; sourceTree = "<group>"; };
		CA1537D824065AE2000A14C7 /* MGCDayPlannerView.m */ = {isa = PBXFileReference; fileEncoding = 4; lastKnownFileType = sourcecode.c.objc; path = MGCDayPlannerView.m; sourceTree = "<group>"; };
		EA537021B8BB04EA0A609FA9 /* Pods-CalendarDemo.release.xcconfig */ = {isa = PBXFileReference; includeInIndex = 1; lastKnownFileType = text.xcconfig; name = "Pods-CalendarDemo.release.xcconfig"; path = "Pods/Target Support Files/Pods-CalendarDemo/Pods-CalendarDemo.release.xcconfig"; sourceTree = "<group>"; };
		F06A59852B476A0AA324A957 /* Pods_CalendarDemo.framework */ = {isa = PBXFileReference; explicitFileType = wrapper.framework; includeInIndex = 0; path = Pods_CalendarDemo.framework; sourceTree = BUILT_PRODUCTS_DIR; };
/* End PBXFileReference section */

/* Begin PBXFrameworksBuildPhase section */
		72B5D8EB180D73E0004ADB86 /* Frameworks */ = {
			isa = PBXFrameworksBuildPhase;
			buildActionMask = 2147483647;
			files = (
				72B5D922180D73F3004ADB86 /* EventKit.framework in Frameworks */,
				72B5D923180D73F3004ADB86 /* EventKitUI.framework in Frameworks */,
				72B5D8F4180D73E0004ADB86 /* CoreGraphics.framework in Frameworks */,
				72B5D8F6180D73E0004ADB86 /* UIKit.framework in Frameworks */,
				72B5D8F2180D73E0004ADB86 /* Foundation.framework in Frameworks */,
				96A3FD1C9E6707E46CB36A87 /* Pods_CalendarDemo.framework in Frameworks */,
			);
			runOnlyForDeploymentPostprocessing = 0;
		};
		72B5D906180D73E0004ADB86 /* Frameworks */ = {
			isa = PBXFrameworksBuildPhase;
			buildActionMask = 2147483647;
			files = (
				72B5D90B180D73E0004ADB86 /* XCTest.framework in Frameworks */,
				72B5D90D180D73E0004ADB86 /* UIKit.framework in Frameworks */,
				72B5D90C180D73E0004ADB86 /* Foundation.framework in Frameworks */,
			);
			runOnlyForDeploymentPostprocessing = 0;
		};
		CA15378024065AA6000A14C7 /* Frameworks */ = {
			isa = PBXFrameworksBuildPhase;
			buildActionMask = 2147483647;
			files = (
				CA15382724065C91000A14C7 /* Foundation.framework in Frameworks */,
				CA15382624065C88000A14C7 /* UIKit.framework in Frameworks */,
				CA15382524065C80000A14C7 /* CoreGraphics.framework in Frameworks */,
				CA15382324065C6B000A14C7 /* EventKit.framework in Frameworks */,
				CA15382424065C6B000A14C7 /* EventKitUI.framework in Frameworks */,
			);
			runOnlyForDeploymentPostprocessing = 0;
		};
/* End PBXFrameworksBuildPhase section */

/* Begin PBXGroup section */
		072E5EFD1C338534007711A0 /* Header&Constants */ = {
			isa = PBXGroup;
			children = (
				072E5EFE1C338559007711A0 /* Constant.h */,
			);
			name = "Header&Constants";
			sourceTree = "<group>";
		};
		723345D81A3BA75300BAE7A9 /* Events view */ = {
			isa = PBXGroup;
			children = (
				727A94B618F3D28F00260D6E /* MGCEventView.h */,
				727A94B718F3D28F00260D6E /* MGCEventView.m */,
				727A94BB18F3D2E000260D6E /* MGCStandardEventView.h */,
				727A94BC18F3D2E000260D6E /* MGCStandardEventView.m */,
			);
			name = "Events view";
			sourceTree = "<group>";
		};
		723925AB188B040200DE9578 /* EventKit */ = {
			isa = PBXGroup;
			children = (
				720DAE541C66531300DF8AAA /* MGCEventKitSupport.m */,
				720DAE561C66534A00DF8AAA /* MGCEventKitSupport.h */,
				72E82BBB1A80E197008B3E2F /* MGCDayPlannerEKViewController.h */,
				72E82BBC1A80E197008B3E2F /* MGCDayPlannerEKViewController.m */,
				72E82BC91A83A3FF008B3E2F /* MGCMonthPlannerEKViewController.h */,
				72E82BCA1A83A3FF008B3E2F /* MGCMonthPlannerEKViewController.m */,
			);
			name = EventKit;
			sourceTree = "<group>";
		};
		723A2BA9181432F700834697 /* Collection view layouts */ = {
			isa = PBXGroup;
			children = (
				728438151A3A308900477A5C /* MGCAllDayEventsViewLayout.h */,
				728438161A3A308900477A5C /* MGCAllDayEventsViewLayout.m */,
				72B5D951180D9A93004ADB86 /* MGCTimedEventsViewLayout.h */,
				72B5D952180D9A93004ADB86 /* MGCTimedEventsViewLayout.m */,
				7233530F18397DD90079B240 /* MGCEventCellLayoutAttributes.h */,
				7233531018397DD90079B240 /* MGCEventCellLayoutAttributes.m */,
			);
			name = "Collection view layouts";
			sourceTree = "<group>";
		};
		723A2BAA1814331000834697 /* Collection view cells & subviews */ = {
			isa = PBXGroup;
			children = (
				BC32A4641D3100D600AB19D7 /* MGCCalendarHeaderCell.h */,
				BC32A4651D3100D600AB19D7 /* MGCCalendarHeaderCell.m */,
				BC32A4671D3101BB00AB19D7 /* MGCCalendarHeaderCell.xib */,
				724E03C4183F8F6A00490FC5 /* MGCDayColumnCell.h */,
				724E03C5183F8F6A00490FC5 /* MGCDayColumnCell.m */,
				72B5D92C180D7840004ADB86 /* MGCEventCell.h */,
				72B5D92D180D7840004ADB86 /* MGCEventCell.m */,
				7290307C1A5031EF008C58D3 /* MGCTimeRowsView.h */,
				7290307D1A5031EF008C58D3 /* MGCTimeRowsView.m */,
				72AE50281A641419004DAF44 /* MGCInteractiveEventView.h */,
				72AE50291A641419004DAF44 /* MGCInteractiveEventView.m */,
			);
			name = "Collection view cells & subviews";
			sourceTree = "<group>";
		};
		7248240A18D351F90067D0D7 /* Year calendar */ = {
			isa = PBXGroup;
			children = (
				72E8D24D18F98F1C00024582 /* MGCMonthMiniCalendarView.h */,
				72E8D24E18F98F1C00024582 /* MGCMonthMiniCalendarView.m */,
				7248240C18D352AE0067D0D7 /* MGCYearCalendarMonthCell.h */,
				7248240D18D352AE0067D0D7 /* MGCYearCalendarMonthCell.m */,
				7248241118D355D10067D0D7 /* MGCYearCalendarView.h */,
				7248241218D355D10067D0D7 /* MGCYearCalendarView.m */,
				7248241618D36DFE0067D0D7 /* MGCYearCalendarMonthHeaderView.h */,
				7248241718D36DFE0067D0D7 /* MGCYearCalendarMonthHeaderView.m */,
			);
			name = "Year calendar";
			sourceTree = "<group>";
		};
		72707CDF1885925100830A8E /* cells */ = {
			isa = PBXGroup;
			children = (
				72707CE0188592AC00830A8E /* MGCMonthPlannerViewDayCell.h */,
				72707CE1188592AC00830A8E /* MGCMonthPlannerViewDayCell.m */,
				72E13E8D18EDA1A200F1D740 /* MGCMonthPlannerBackgroundView.h */,
				72E13E8E18EDA1A200F1D740 /* MGCMonthPlannerBackgroundView.m */,
				72E13E9318EE0D7A00F1D740 /* MGCMonthPlannerWeekView.h */,
				72E13E9418EE0D7A00F1D740 /* MGCMonthPlannerWeekView.m */,
				72E9B90E1C8E34020070EDD3 /* MGCMonthPlannerHeaderView.h */,
				72E9B90F1C8E34020070EDD3 /* MGCMonthPlannerHeaderView.m */,
			);
			name = cells;
			sourceTree = "<group>";
		};
		72936D7F185671DB00635BD9 /* Month planner */ = {
			isa = PBXGroup;
			children = (
				72707CDB18858F9600830A8E /* MGCMonthPlannerView.h */,
				72707CDC18858F9600830A8E /* MGCMonthPlannerView.m */,
				72EF08031A3DA597005699CA /* MGCMonthPlannerViewController.h */,
				72EF08041A3DA597005699CA /* MGCMonthPlannerViewController.m */,
				72707CDF1885925100830A8E /* cells */,
				722A55F71892B58B0097B8FB /* MGCMonthPlannerViewLayout.h */,
				722A55F81892B58B0097B8FB /* MGCMonthPlannerViewLayout.m */,
				727A94B018F3B9C300260D6E /* MGCEventsRowView.h */,
				727A94B118F3B9C300260D6E /* MGCEventsRowView.m */,
			);
			name = "Month planner";
			sourceTree = "<group>";
		};
		72B5D8E5180D73E0004ADB86 = {
			isa = PBXGroup;
			children = (
				722ABE391CB19C6600713ED3 /* CalendarLib.podspec */,
				723925AF188B0AE800DE9578 /* README.md */,
				722ABE331CB19BAC00713ED3 /* LICENSE */,
				721A12A11CB585CF00749F18 /* CHANGELOG.md */,
				72CD8BAA18228A7500F12339 /* Lib */,
				72B5D8F7180D73E0004ADB86 /* Demo */,
				72B5D910180D73E0004ADB86 /* Tests */,
				CA15378424065AA6000A14C7 /* UniversalCalendar */,
				72B5D8F0180D73E0004ADB86 /* Frameworks */,
				72B5D8EF180D73E0004ADB86 /* Products */,
				F2CB583699A83B6039A63559 /* Pods */,
			);
			sourceTree = "<group>";
		};
		72B5D8EF180D73E0004ADB86 /* Products */ = {
			isa = PBXGroup;
			children = (
				72B5D8EE180D73E0004ADB86 /* CalendarDemo.app */,
				72B5D909180D73E0004ADB86 /* CalendarTests.xctest */,
				CA15378324065AA6000A14C7 /* UniversalCalendar.framework */,
			);
			name = Products;
			sourceTree = "<group>";
		};
		72B5D8F0180D73E0004ADB86 /* Frameworks */ = {
			isa = PBXGroup;
			children = (
				72B5D920180D73F3004ADB86 /* EventKit.framework */,
				72B5D921180D73F3004ADB86 /* EventKitUI.framework */,
				72B5D8F1180D73E0004ADB86 /* Foundation.framework */,
				72B5D8F3180D73E0004ADB86 /* CoreGraphics.framework */,
				72B5D8F5180D73E0004ADB86 /* UIKit.framework */,
				72B5D90A180D73E0004ADB86 /* XCTest.framework */,
				28486480EAA57CF147A3825F /* Pods.framework */,
				F06A59852B476A0AA324A957 /* Pods_CalendarDemo.framework */,
			);
			name = Frameworks;
			sourceTree = "<group>";
		};
		72B5D8F7180D73E0004ADB86 /* Demo */ = {
			isa = PBXGroup;
			children = (
				72B5D900180D73E0004ADB86 /* AppDelegate.h */,
				72B5D901180D73E0004ADB86 /* AppDelegate.m */,
				721DC18718219C4D00F9470C /* MainViewController.h */,
				721DC18818219C4D00F9470C /* MainViewController.m */,
				72B5D927180D7476004ADB86 /* main-iPad.storyboard */,
				72734BB61B32E93800B2BA49 /* main-iPhone.storyboard */,
				72E9B9151C919EF20070EDD3 /* settings.storyboard */,
				72EF080B1A3DB8C6005699CA /* MonthViewController.h */,
				72EF080C1A3DB8C6005699CA /* MonthViewController.m */,
				72EF080D1A3DB8C6005699CA /* YearViewController.h */,
				72EF080E1A3DB8C6005699CA /* YearViewController.m */,
				BC32A45E1D30FED500AB19D7 /* DayViewController.h */,
				BC32A45F1D30FED600AB19D7 /* DayViewController.m */,
				72EF07FD1A3D9DF8005699CA /* WeekViewController.h */,
				72EF07FE1A3D9DF8005699CA /* WeekViewController.m */,
				7258E8AF1A5A98DD007F88AF /* WeekSettingsViewController.h */,
				7258E8B01A5A98DD007F88AF /* WeekSettingsViewController.m */,
				72E9B9171C91E3520070EDD3 /* MonthSettingsViewController.h */,
				72E9B9181C91E3520070EDD3 /* MonthSettingsViewController.m */,
				72B5D903180D73E0004ADB86 /* Images.xcassets */,
				72B5D8F8180D73E0004ADB86 /* Supporting Files */,
				7275C49F1C46E87B0036C9A3 /* Launch Screen.storyboard */,
			);
			name = Demo;
			path = CalendarDemo;
			sourceTree = "<group>";
		};
		72B5D8F8180D73E0004ADB86 /* Supporting Files */ = {
			isa = PBXGroup;
			children = (
				720041B91879B2B600F3C497 /* Settings.bundle */,
				72B5D8F9180D73E0004ADB86 /* Calendar-Info.plist */,
				72B5D8FA180D73E0004ADB86 /* InfoPlist.strings */,
				72B5D8FD180D73E0004ADB86 /* main.m */,
				72B5D8FF180D73E0004ADB86 /* Calendar-Prefix.pch */,
			);
			name = "Supporting Files";
			sourceTree = "<group>";
		};
		72B5D910180D73E0004ADB86 /* Tests */ = {
			isa = PBXGroup;
			children = (
				72B5D916180D73E0004ADB86 /* CalendarTests.m */,
				72B5D911180D73E0004ADB86 /* Supporting Files */,
			);
			name = Tests;
			path = CalendarTests;
			sourceTree = "<group>";
		};
		72B5D911180D73E0004ADB86 /* Supporting Files */ = {
			isa = PBXGroup;
			children = (
				72B5D912180D73E0004ADB86 /* CalendarTests-Info.plist */,
				72B5D913180D73E0004ADB86 /* InfoPlist.strings */,
			);
			name = "Supporting Files";
			sourceTree = "<group>";
		};
		72B5D954180DB304004ADB86 /* Day planner */ = {
			isa = PBXGroup;
			children = (
				72DD627418155AAD00D270DB /* MGCDayPlannerView.h */,
				72DD627518155AAD00D270DB /* MGCDayPlannerView.m */,
				BC32A4611D31003C00AB19D7 /* MGCCalendarHeaderView.h */,
				BC32A4621D31003C00AB19D7 /* MGCCalendarHeaderView.m */,
				72EF07F21A3D8D13005699CA /* MGCDayPlannerViewController.h */,
				72EF07F31A3D8D13005699CA /* MGCDayPlannerViewController.m */,
				723A2BAA1814331000834697 /* Collection view cells & subviews */,
				723A2BA9181432F700834697 /* Collection view layouts */,
			);
			name = "Day planner";
			sourceTree = "<group>";
		};
		72CD8BAA18228A7500F12339 /* Lib */ = {
			isa = PBXGroup;
			children = (
				072E5EFD1C338534007711A0 /* Header&Constants */,
				721CA1B21A9382990083F41A /* Localizable.strings */,
				72E8D25718FC474500024582 /* MGCReusableObjectQueue.h */,
				72E8D25818FC474500024582 /* MGCReusableObjectQueue.m */,
				72271A501815C33600DE96FE /* MGCDateRange.h */,
				72271A511815C33600DE96FE /* MGCDateRange.m */,
				723A2BAB181449F500834697 /* NSCalendar+MGCAdditions.h */,
				723A2BAC181449F500834697 /* NSCalendar+MGCAdditions.m */,
				720DAE511C6269D900DF8AAA /* NSAttributedString+MGCAdditions.h */,
				720DAE521C6269D900DF8AAA /* NSAttributedString+MGCAdditions.m */,
				72780F8F1CB6D0DF00CA5513 /* MGCAlignedGeometry.h */,
				72780F901CB6D0DF00CA5513 /* MGCAlignedGeometry.m */,
				723925AB188B040200DE9578 /* EventKit */,
				723345D81A3BA75300BAE7A9 /* Events view */,
				72B5D954180DB304004ADB86 /* Day planner */,
				72936D7F185671DB00635BD9 /* Month planner */,
				7248240A18D351F90067D0D7 /* Year calendar */,
			);
			name = Lib;
			path = CalendarLib;
			sourceTree = "<group>";
		};
		CA15378424065AA6000A14C7 /* UniversalCalendar */ = {
			isa = PBXGroup;
			children = (
				CA1537A024065ADA000A14C7 /* Constant.h */,
				CA1537A524065ADA000A14C7 /* en.lproj */,
				CA1537AA24065ADB000A14C7 /* fr.lproj */,
				CA15378D24065AD9000A14C7 /* MGCAlignedGeometry.h */,
				CA1537AD24065ADB000A14C7 /* MGCAlignedGeometry.m */,
				CA15378E24065AD9000A14C7 /* MGCAllDayEventsViewLayout.h */,
				CA15379524065AD9000A14C7 /* MGCAllDayEventsViewLayout.m */,
				CA1537D224065AE1000A14C7 /* MGCCalendarHeaderCell.h */,
				CA1537D024065AE1000A14C7 /* MGCCalendarHeaderCell.m */,
				CA1537A124065ADA000A14C7 /* MGCCalendarHeaderCell.xib */,
				CA1537C824065AE0000A14C7 /* MGCCalendarHeaderView.h */,
				CA15379024065AD9000A14C7 /* MGCCalendarHeaderView.m */,
				CA1537B324065ADC000A14C7 /* MGCDateRange.h */,
				CA1537D724065AE2000A14C7 /* MGCDateRange.m */,
				CA1537AF24065ADB000A14C7 /* MGCDayColumnCell.h */,
				CA1537BE24065ADE000A14C7 /* MGCDayColumnCell.m */,
				CA1537B824065ADD000A14C7 /* MGCDayPlannerEKViewController.h */,
				CA1537B524065ADD000A14C7 /* MGCDayPlannerEKViewController.m */,
				CA1537A824065ADA000A14C7 /* MGCDayPlannerView.h */,
				CA1537D824065AE2000A14C7 /* MGCDayPlannerView.m */,
				CA15378B24065AD8000A14C7 /* MGCDayPlannerViewController.h */,
				CA15379F24065ADA000A14C7 /* MGCDayPlannerViewController.m */,
				CA1537BA24065ADE000A14C7 /* MGCEventCell.h */,
				CA1537C124065ADF000A14C7 /* MGCEventCell.m */,
				CA1537B924065ADE000A14C7 /* MGCEventCellLayoutAttributes.h */,
				CA1537BF24065ADF000A14C7 /* MGCEventCellLayoutAttributes.m */,
				CA1537BC24065ADE000A14C7 /* MGCEventKitSupport.h */,
				CA1537CF24065AE1000A14C7 /* MGCEventKitSupport.m */,
				CA1537D424065AE2000A14C7 /* MGCEventsRowView.h */,
				CA15379C24065ADA000A14C7 /* MGCEventsRowView.m */,
				CA1537D324065AE2000A14C7 /* MGCEventView.h */,
				CA1537CB24065AE0000A14C7 /* MGCEventView.m */,
				CA1537B224065ADC000A14C7 /* MGCInteractiveEventView.h */,
				CA1537AE24065ADB000A14C7 /* MGCInteractiveEventView.m */,
				CA1537D624065AE2000A14C7 /* MGCMonthMiniCalendarView.h */,
				CA1537CC24065AE0000A14C7 /* MGCMonthMiniCalendarView.m */,
				CA15379E24065ADA000A14C7 /* MGCMonthPlannerBackgroundView.h */,
				CA1537B624065ADD000A14C7 /* MGCMonthPlannerBackgroundView.m */,
				CA1537C424065ADF000A14C7 /* MGCMonthPlannerEKViewController.h */,
				CA1537D524065AE2000A14C7 /* MGCMonthPlannerEKViewController.m */,
				CA15379724065AD9000A14C7 /* MGCMonthPlannerHeaderView.h */,
				CA15379624065AD9000A14C7 /* MGCMonthPlannerHeaderView.m */,
				CA15379824065AD9000A14C7 /* MGCMonthPlannerView.h */,
				CA1537B124065ADC000A14C7 /* MGCMonthPlannerView.m */,
				CA15379224065AD9000A14C7 /* MGCMonthPlannerViewController.h */,
				CA1537CE24065AE1000A14C7 /* MGCMonthPlannerViewController.m */,
				CA1537A224065ADA000A14C7 /* MGCMonthPlannerViewDayCell.h */,
				CA15379D24065ADA000A14C7 /* MGCMonthPlannerViewDayCell.m */,
				CA15378F24065AD9000A14C7 /* MGCMonthPlannerViewLayout.h */,
				CA1537B024065ADC000A14C7 /* MGCMonthPlannerViewLayout.m */,
				CA15379A24065AD9000A14C7 /* MGCMonthPlannerWeekView.h */,
				CA15379124065AD9000A14C7 /* MGCMonthPlannerWeekView.m */,
				CA1537C224065ADF000A14C7 /* MGCReusableObjectQueue.h */,
				CA1537C324065ADF000A14C7 /* MGCReusableObjectQueue.m */,
				CA1537BB24065ADE000A14C7 /* MGCStandardEventView.h */,
				CA15379924065AD9000A14C7 /* MGCStandardEventView.m */,
				CA1537B724065ADD000A14C7 /* MGCTimedEventsViewLayout.h */,
				CA1537CD24065AE1000A14C7 /* MGCTimedEventsViewLayout.m */,
				CA1537C624065AE0000A14C7 /* MGCTimeRowsView.h */,
				CA1537A324065ADA000A14C7 /* MGCTimeRowsView.m */,
				CA15379B24065AD9000A14C7 /* MGCYearCalendarMonthCell.h */,
				CA1537A424065ADA000A14C7 /* MGCYearCalendarMonthCell.m */,
				CA15378C24065AD8000A14C7 /* MGCYearCalendarMonthHeaderView.h */,
				CA15379424065AD9000A14C7 /* MGCYearCalendarMonthHeaderView.m */,
				CA1537C524065ADF000A14C7 /* MGCYearCalendarView.h */,
				CA1537C924065AE0000A14C7 /* MGCYearCalendarView.m */,
				CA1537BD24065ADE000A14C7 /* NSAttributedString+MGCAdditions.h */,
				CA1537A924065ADB000A14C7 /* NSAttributedString+MGCAdditions.m */,
				CA1537B424065ADC000A14C7 /* NSCalendar+MGCAdditions.h */,
				CA1537C024065ADF000A14C7 /* NSCalendar+MGCAdditions.m */,
				CA1537D124065AE1000A14C7 /* OrderedDictionary.h */,
				CA1537CA24065AE0000A14C7 /* OrderedDictionary.m */,
				CA1537C724065AE0000A14C7 /* OSCache.h */,
				CA15379324065AD9000A14C7 /* OSCache.m */,
				CA15378524065AA6000A14C7 /* UniversalCalendar.h */,
				CA15378624065AA6000A14C7 /* Info.plist */,
			);
			path = UniversalCalendar;
			sourceTree = "<group>";
		};
		CA1537A524065ADA000A14C7 /* en.lproj */ = {
			isa = PBXGroup;
			children = (
				CA1537A624065ADA000A14C7 /* Localizable.strings */,
			);
			path = en.lproj;
			sourceTree = "<group>";
		};
		CA1537AA24065ADB000A14C7 /* fr.lproj */ = {
			isa = PBXGroup;
			children = (
				CA1537AB24065ADB000A14C7 /* Localizable.strings */,
			);
			path = fr.lproj;
			sourceTree = "<group>";
		};
		F2CB583699A83B6039A63559 /* Pods */ = {
			isa = PBXGroup;
			children = (
				1F0C1F1B722A7E607C88C0FE /* Pods-CalendarDemo.debug.xcconfig */,
				EA537021B8BB04EA0A609FA9 /* Pods-CalendarDemo.release.xcconfig */,
			);
			name = Pods;
			sourceTree = "<group>";
		};
/* End PBXGroup section */

/* Begin PBXHeadersBuildPhase section */
		CA15377E24065AA6000A14C7 /* Headers */ = {
			isa = PBXHeadersBuildPhase;
			buildActionMask = 2147483647;
			files = (
				CA1537EE24065AE2000A14C7 /* Constant.h in Headers */,
				CA15381B24065AE2000A14C7 /* OrderedDictionary.h in Headers */,
				CA15381124065AE2000A14C7 /* OSCache.h in Headers */,
				CA1537FE24065AE2000A14C7 /* NSCalendar+MGCAdditions.h in Headers */,
				CA15380724065AE2000A14C7 /* NSAttributedString+MGCAdditions.h in Headers */,
				CA15380F24065AE2000A14C7 /* MGCYearCalendarView.h in Headers */,
				CA15380524065AE2000A14C7 /* MGCStandardEventView.h in Headers */,
				CA15380C24065AE2000A14C7 /* MGCReusableObjectQueue.h in Headers */,
				CA1537E624065AE2000A14C7 /* MGCMonthPlannerView.h in Headers */,
				CA1537E024065AE2000A14C7 /* MGCMonthPlannerViewController.h in Headers */,
				CA15380224065AE2000A14C7 /* MGCDayPlannerEKViewController.h in Headers */,
				CA15382024065AE2000A14C7 /* MGCMonthMiniCalendarView.h in Headers */,
				CA1537FD24065AE2000A14C7 /* MGCDateRange.h in Headers */,
				CA1537F424065AE2000A14C7 /* MGCDayPlannerView.h in Headers */,
				CA1537D924065AE2000A14C7 /* MGCDayPlannerViewController.h in Headers */,
				CA15380E24065AE2000A14C7 /* MGCMonthPlannerEKViewController.h in Headers */,
				CA15381224065AE2000A14C7 /* MGCCalendarHeaderView.h in Headers */,
				CA15381E24065AE2000A14C7 /* MGCEventsRowView.h in Headers */,
				CA1537E924065AE2000A14C7 /* MGCYearCalendarMonthCell.h in Headers */,
				CA1537DA24065AE2000A14C7 /* MGCYearCalendarMonthHeaderView.h in Headers */,
				CA1537F024065AE2000A14C7 /* MGCMonthPlannerViewDayCell.h in Headers */,
				CA15380624065AE2000A14C7 /* MGCEventKitSupport.h in Headers */,
				CA15380424065AE2000A14C7 /* MGCEventCell.h in Headers */,
				CA1537FC24065AE2000A14C7 /* MGCInteractiveEventView.h in Headers */,
				CA15381D24065AE2000A14C7 /* MGCEventView.h in Headers */,
				CA15380124065AE2000A14C7 /* MGCTimedEventsViewLayout.h in Headers */,
				CA1537DC24065AE2000A14C7 /* MGCAllDayEventsViewLayout.h in Headers */,
				CA1537E524065AE2000A14C7 /* MGCMonthPlannerHeaderView.h in Headers */,
				CA15380324065AE2000A14C7 /* MGCEventCellLayoutAttributes.h in Headers */,
				CA1537EC24065AE2000A14C7 /* MGCMonthPlannerBackgroundView.h in Headers */,
				CA15381C24065AE2000A14C7 /* MGCCalendarHeaderCell.h in Headers */,
				CA1537DB24065AE2000A14C7 /* MGCAlignedGeometry.h in Headers */,
				CA15378724065AA6000A14C7 /* UniversalCalendar.h in Headers */,
				CA1537F924065AE2000A14C7 /* MGCDayColumnCell.h in Headers */,
				CA15381024065AE2000A14C7 /* MGCTimeRowsView.h in Headers */,
				CA1537DD24065AE2000A14C7 /* MGCMonthPlannerViewLayout.h in Headers */,
				CA1537E824065AE2000A14C7 /* MGCMonthPlannerWeekView.h in Headers */,
			);
			runOnlyForDeploymentPostprocessing = 0;
		};
/* End PBXHeadersBuildPhase section */

/* Begin PBXNativeTarget section */
		72B5D8ED180D73E0004ADB86 /* CalendarDemo */ = {
			isa = PBXNativeTarget;
			buildConfigurationList = 72B5D91A180D73E0004ADB86 /* Build configuration list for PBXNativeTarget "CalendarDemo" */;
			buildPhases = (
				D502B293157A24324B0C1F8D /* [CP] Check Pods Manifest.lock */,
				72B5D8EA180D73E0004ADB86 /* Sources */,
				72B5D8EB180D73E0004ADB86 /* Frameworks */,
				72B5D8EC180D73E0004ADB86 /* Resources */,
				834773CCABB3FAEA9BD07C84 /* [CP] Embed Pods Frameworks */,
			);
			buildRules = (
			);
			dependencies = (
			);
			name = CalendarDemo;
			productName = Calendar;
			productReference = 72B5D8EE180D73E0004ADB86 /* CalendarDemo.app */;
			productType = "com.apple.product-type.application";
		};
		72B5D908180D73E0004ADB86 /* CalendarTests */ = {
			isa = PBXNativeTarget;
			buildConfigurationList = 72B5D91D180D73E0004ADB86 /* Build configuration list for PBXNativeTarget "CalendarTests" */;
			buildPhases = (
				72B5D905180D73E0004ADB86 /* Sources */,
				72B5D906180D73E0004ADB86 /* Frameworks */,
				72B5D907180D73E0004ADB86 /* Resources */,
			);
			buildRules = (
			);
			dependencies = (
				72B5D90F180D73E0004ADB86 /* PBXTargetDependency */,
			);
			name = CalendarTests;
			productName = CalendarTests;
			productReference = 72B5D909180D73E0004ADB86 /* CalendarTests.xctest */;
			productType = "com.apple.product-type.bundle.unit-test";
		};
		CA15378224065AA6000A14C7 /* UniversalCalendar */ = {
			isa = PBXNativeTarget;
			buildConfigurationList = CA15378A24065AA6000A14C7 /* Build configuration list for PBXNativeTarget "UniversalCalendar" */;
			buildPhases = (
				CA15377E24065AA6000A14C7 /* Headers */,
				CA15377F24065AA6000A14C7 /* Sources */,
				CA15378024065AA6000A14C7 /* Frameworks */,
				CA15378124065AA6000A14C7 /* Resources */,
			);
			buildRules = (
			);
			dependencies = (
			);
			name = UniversalCalendar;
			productName = UniversalCalendar;
			productReference = CA15378324065AA6000A14C7 /* UniversalCalendar.framework */;
			productType = "com.apple.product-type.framework";
		};
/* End PBXNativeTarget section */

/* Begin PBXProject section */
		72B5D8E6180D73E0004ADB86 /* Project object */ = {
			isa = PBXProject;
			attributes = {
				LastUpgradeCheck = 0810;
				ORGANIZATIONNAME = "Julien Martin";
				TargetAttributes = {
					72B5D8ED180D73E0004ADB86 = {
						DevelopmentTeam = 9L2H2A796T;
					};
					CA15378224065AA6000A14C7 = {
						CreatedOnToolsVersion = 10.3;
						ProvisioningStyle = Automatic;
					};
				};
			};
			buildConfigurationList = 72B5D8E9180D73E0004ADB86 /* Build configuration list for PBXProject "Calendar" */;
			compatibilityVersion = "Xcode 3.2";
			developmentRegion = English;
			hasScannedForEncodings = 0;
			knownRegions = (
				English,
				en,
				fr,
				Base,
			);
			mainGroup = 72B5D8E5180D73E0004ADB86;
			productRefGroup = 72B5D8EF180D73E0004ADB86 /* Products */;
			projectDirPath = "";
			projectRoot = "";
			targets = (
				72B5D8ED180D73E0004ADB86 /* CalendarDemo */,
				72B5D908180D73E0004ADB86 /* CalendarTests */,
				CA15378224065AA6000A14C7 /* UniversalCalendar */,
			);
		};
/* End PBXProject section */

/* Begin PBXResourcesBuildPhase section */
		72B5D8EC180D73E0004ADB86 /* Resources */ = {
			isa = PBXResourcesBuildPhase;
			buildActionMask = 2147483647;
			files = (
				720041BA1879B2B600F3C497 /* Settings.bundle in Resources */,
				72E9B9161C919EF20070EDD3 /* settings.storyboard in Resources */,
				BC32A4681D3101BB00AB19D7 /* MGCCalendarHeaderCell.xib in Resources */,
				7275C4A01C46E87B0036C9A3 /* Launch Screen.storyboard in Resources */,
				72B5D8FC180D73E0004ADB86 /* InfoPlist.strings in Resources */,
				721CA1B41A9382990083F41A /* Localizable.strings in Resources */,
				72B5D904180D73E0004ADB86 /* Images.xcassets in Resources */,
				72B5D928180D7476004ADB86 /* main-iPad.storyboard in Resources */,
				72734BB71B32E93800B2BA49 /* main-iPhone.storyboard in Resources */,
			);
			runOnlyForDeploymentPostprocessing = 0;
		};
		72B5D907180D73E0004ADB86 /* Resources */ = {
			isa = PBXResourcesBuildPhase;
			buildActionMask = 2147483647;
			files = (
				72B5D915180D73E0004ADB86 /* InfoPlist.strings in Resources */,
			);
			runOnlyForDeploymentPostprocessing = 0;
		};
		CA15378124065AA6000A14C7 /* Resources */ = {
			isa = PBXResourcesBuildPhase;
			buildActionMask = 2147483647;
			files = (
				CA1537EF24065AE2000A14C7 /* MGCCalendarHeaderCell.xib in Resources */,
				CA1537F624065AE2000A14C7 /* Localizable.strings in Resources */,
				CA1537F324065AE2000A14C7 /* Localizable.strings in Resources */,
			);
			runOnlyForDeploymentPostprocessing = 0;
		};
/* End PBXResourcesBuildPhase section */

/* Begin PBXShellScriptBuildPhase section */
		834773CCABB3FAEA9BD07C84 /* [CP] Embed Pods Frameworks */ = {
			isa = PBXShellScriptBuildPhase;
			buildActionMask = 2147483647;
			files = (
			);
			inputPaths = (
				"${PODS_ROOT}/Target Support Files/Pods-CalendarDemo/Pods-CalendarDemo-frameworks.sh",
				"${BUILT_PRODUCTS_DIR}/CalendarLib/CalendarLib.framework",
				"${BUILT_PRODUCTS_DIR}/OSCache/OSCache.framework",
				"${BUILT_PRODUCTS_DIR}/OrderedDictionary/OrderedDictionary.framework",
			);
			name = "[CP] Embed Pods Frameworks";
			outputPaths = (
				"${TARGET_BUILD_DIR}/${FRAMEWORKS_FOLDER_PATH}/CalendarLib.framework",
				"${TARGET_BUILD_DIR}/${FRAMEWORKS_FOLDER_PATH}/OSCache.framework",
				"${TARGET_BUILD_DIR}/${FRAMEWORKS_FOLDER_PATH}/OrderedDictionary.framework",
			);
			runOnlyForDeploymentPostprocessing = 0;
			shellPath = /bin/sh;
			shellScript = "\"${PODS_ROOT}/Target Support Files/Pods-CalendarDemo/Pods-CalendarDemo-frameworks.sh\"\n";
			showEnvVarsInLog = 0;
		};
		D502B293157A24324B0C1F8D /* [CP] Check Pods Manifest.lock */ = {
			isa = PBXShellScriptBuildPhase;
			buildActionMask = 2147483647;
			files = (
			);
			inputPaths = (
				"${PODS_PODFILE_DIR_PATH}/Podfile.lock",
				"${PODS_ROOT}/Manifest.lock",
			);
			name = "[CP] Check Pods Manifest.lock";
			outputPaths = (
				"$(DERIVED_FILE_DIR)/Pods-CalendarDemo-checkManifestLockResult.txt",
			);
			runOnlyForDeploymentPostprocessing = 0;
			shellPath = /bin/sh;
			shellScript = "diff \"${PODS_PODFILE_DIR_PATH}/Podfile.lock\" \"${PODS_ROOT}/Manifest.lock\" > /dev/null\nif [ $? != 0 ] ; then\n    # print error to STDERR\n    echo \"error: The sandbox is not in sync with the Podfile.lock. Run 'pod install' or update your CocoaPods installation.\" >&2\n    exit 1\nfi\n# This output is used by Xcode 'outputs' to avoid re-running this script phase.\necho \"SUCCESS\" > \"${SCRIPT_OUTPUT_FILE_0}\"\n";
			showEnvVarsInLog = 0;
		};
/* End PBXShellScriptBuildPhase section */

/* Begin PBXSourcesBuildPhase section */
		72B5D8EA180D73E0004ADB86 /* Sources */ = {
			isa = PBXSourcesBuildPhase;
			buildActionMask = 2147483647;
			files = (
				72E9B9191C91E3520070EDD3 /* MonthSettingsViewController.m in Sources */,
				72EF07FF1A3D9DF8005699CA /* WeekViewController.m in Sources */,
				72EF08151A3DB8C6005699CA /* MonthViewController.m in Sources */,
				72EF08181A3DB8C6005699CA /* YearViewController.m in Sources */,
				72B5D902180D73E0004ADB86 /* AppDelegate.m in Sources */,
				721DC18918219C4D00F9470C /* MainViewController.m in Sources */,
				72B5D8FE180D73E0004ADB86 /* main.m in Sources */,
				7258E8B11A5A98DD007F88AF /* WeekSettingsViewController.m in Sources */,
				BC32A4601D30FED600AB19D7 /* DayViewController.m in Sources */,
			);
			runOnlyForDeploymentPostprocessing = 0;
		};
		72B5D905180D73E0004ADB86 /* Sources */ = {
			isa = PBXSourcesBuildPhase;
			buildActionMask = 2147483647;
			files = (
				72B5D917180D73E0004ADB86 /* CalendarTests.m in Sources */,
			);
			runOnlyForDeploymentPostprocessing = 0;
		};
		CA15377F24065AA6000A14C7 /* Sources */ = {
			isa = PBXSourcesBuildPhase;
			buildActionMask = 2147483647;
			files = (
				CA1537F524065AE2000A14C7 /* NSAttributedString+MGCAdditions.m in Sources */,
				CA15380D24065AE2000A14C7 /* MGCReusableObjectQueue.m in Sources */,
				CA15381724065AE2000A14C7 /* MGCTimedEventsViewLayout.m in Sources */,
				CA1537E724065AE2000A14C7 /* MGCStandardEventView.m in Sources */,
				CA1537F224065AE2000A14C7 /* MGCYearCalendarMonthCell.m in Sources */,
				CA1537E124065AE2000A14C7 /* OSCache.m in Sources */,
				CA15381824065AE2000A14C7 /* MGCMonthPlannerViewController.m in Sources */,
				CA15381524065AE2000A14C7 /* MGCEventView.m in Sources */,
				CA15380B24065AE2000A14C7 /* MGCEventCell.m in Sources */,
				CA1537EB24065AE2000A14C7 /* MGCMonthPlannerViewDayCell.m in Sources */,
				CA15382224065AE2000A14C7 /* MGCDayPlannerView.m in Sources */,
				CA15381924065AE2000A14C7 /* MGCEventKitSupport.m in Sources */,
				CA15381624065AE2000A14C7 /* MGCMonthMiniCalendarView.m in Sources */,
				CA15381A24065AE2000A14C7 /* MGCCalendarHeaderCell.m in Sources */,
				CA1537E424065AE2000A14C7 /* MGCMonthPlannerHeaderView.m in Sources */,
				CA1537E324065AE2000A14C7 /* MGCAllDayEventsViewLayout.m in Sources */,
				CA15381F24065AE2000A14C7 /* MGCMonthPlannerEKViewController.m in Sources */,
				CA15380924065AE2000A14C7 /* MGCEventCellLayoutAttributes.m in Sources */,
				CA15381324065AE2000A14C7 /* MGCYearCalendarView.m in Sources */,
				CA1537EA24065AE2000A14C7 /* MGCEventsRowView.m in Sources */,
				CA1537FB24065AE2000A14C7 /* MGCMonthPlannerView.m in Sources */,
				CA15380A24065AE2000A14C7 /* NSCalendar+MGCAdditions.m in Sources */,
				CA1537ED24065AE2000A14C7 /* MGCDayPlannerViewController.m in Sources */,
				CA1537FF24065AE2000A14C7 /* MGCDayPlannerEKViewController.m in Sources */,
				CA1537DF24065AE2000A14C7 /* MGCMonthPlannerWeekView.m in Sources */,
				CA15380824065AE2000A14C7 /* MGCDayColumnCell.m in Sources */,
				CA15380024065AE2000A14C7 /* MGCMonthPlannerBackgroundView.m in Sources */,
				CA1537E224065AE2000A14C7 /* MGCYearCalendarMonthHeaderView.m in Sources */,
				CA1537F824065AE2000A14C7 /* MGCInteractiveEventView.m in Sources */,
				CA1537FA24065AE2000A14C7 /* MGCMonthPlannerViewLayout.m in Sources */,
				CA1537F124065AE2000A14C7 /* MGCTimeRowsView.m in Sources */,
				CA15381424065AE2000A14C7 /* OrderedDictionary.m in Sources */,
				CA15382124065AE2000A14C7 /* MGCDateRange.m in Sources */,
				CA1537F724065AE2000A14C7 /* MGCAlignedGeometry.m in Sources */,
				CA1537DE24065AE2000A14C7 /* MGCCalendarHeaderView.m in Sources */,
			);
			runOnlyForDeploymentPostprocessing = 0;
		};
/* End PBXSourcesBuildPhase section */

/* Begin PBXTargetDependency section */
		72B5D90F180D73E0004ADB86 /* PBXTargetDependency */ = {
			isa = PBXTargetDependency;
			target = 72B5D8ED180D73E0004ADB86 /* CalendarDemo */;
			targetProxy = 72B5D90E180D73E0004ADB86 /* PBXContainerItemProxy */;
		};
/* End PBXTargetDependency section */

/* Begin PBXVariantGroup section */
		721CA1B21A9382990083F41A /* Localizable.strings */ = {
			isa = PBXVariantGroup;
			children = (
				721CA1B31A9382990083F41A /* en */,
				721CA1B51A9382A80083F41A /* fr */,
			);
			name = Localizable.strings;
			sourceTree = "<group>";
		};
		72B5D8FA180D73E0004ADB86 /* InfoPlist.strings */ = {
			isa = PBXVariantGroup;
			children = (
				72B5D8FB180D73E0004ADB86 /* en */,
				726C2037182D6F66004AEE13 /* fr */,
			);
			name = InfoPlist.strings;
			sourceTree = "<group>";
		};
		72B5D913180D73E0004ADB86 /* InfoPlist.strings */ = {
			isa = PBXVariantGroup;
			children = (
				72B5D914180D73E0004ADB86 /* en */,
				726C2038182D6F66004AEE13 /* fr */,
			);
			name = InfoPlist.strings;
			sourceTree = "<group>";
		};
		CA1537A624065ADA000A14C7 /* Localizable.strings */ = {
			isa = PBXVariantGroup;
			children = (
				CA1537A724065ADA000A14C7 /* en */,
			);
			name = Localizable.strings;
			sourceTree = "<group>";
		};
		CA1537AB24065ADB000A14C7 /* Localizable.strings */ = {
			isa = PBXVariantGroup;
			children = (
				CA1537AC24065ADB000A14C7 /* fr */,
			);
			name = Localizable.strings;
			sourceTree = "<group>";
		};
/* End PBXVariantGroup section */

/* Begin XCBuildConfiguration section */
		72B5D918180D73E0004ADB86 /* Debug */ = {
			isa = XCBuildConfiguration;
			buildSettings = {
				ALWAYS_SEARCH_USER_PATHS = NO;
				CLANG_ANALYZER_LOCALIZABILITY_NONLOCALIZED = YES;
				CLANG_ENABLE_MODULES = YES;
				CLANG_ENABLE_OBJC_ARC = YES;
				CLANG_WARN_BOOL_CONVERSION = YES;
				CLANG_WARN_CONSTANT_CONVERSION = YES;
				CLANG_WARN_DIRECT_OBJC_ISA_USAGE = YES_ERROR;
				CLANG_WARN_EMPTY_BODY = YES;
				CLANG_WARN_ENUM_CONVERSION = YES;
				CLANG_WARN_INFINITE_RECURSION = YES;
				CLANG_WARN_INT_CONVERSION = YES;
				CLANG_WARN_OBJC_ROOT_CLASS = YES_ERROR;
				CLANG_WARN_SUSPICIOUS_MOVE = YES;
				CLANG_WARN_UNREACHABLE_CODE = YES;
				CLANG_WARN__DUPLICATE_METHOD_MATCH = YES;
				"CODE_SIGN_IDENTITY[sdk=iphoneos*]" = "iPhone Developer";
				COPY_PHASE_STRIP = NO;
				ENABLE_STRICT_OBJC_MSGSEND = YES;
				ENABLE_TESTABILITY = YES;
				GCC_NO_COMMON_BLOCKS = YES;
				GCC_OPTIMIZATION_LEVEL = 0;
				GCC_PREPROCESSOR_DEFINITIONS = (
					"DEBUG=1",
					"$(inherited)",
				);
				GCC_TREAT_IMPLICIT_FUNCTION_DECLARATIONS_AS_ERRORS = YES;
				GCC_WARN_64_TO_32_BIT_CONVERSION = YES;
				GCC_WARN_ABOUT_RETURN_TYPE = YES_ERROR;
				GCC_WARN_UNDECLARED_SELECTOR = YES;
				GCC_WARN_UNINITIALIZED_AUTOS = YES;
				GCC_WARN_UNUSED_FUNCTION = YES;
				GCC_WARN_UNUSED_VARIABLE = YES;
				IPHONEOS_DEPLOYMENT_TARGET = 8.0;
				ONLY_ACTIVE_ARCH = YES;
				SDKROOT = iphoneos;
				TARGETED_DEVICE_FAMILY = "1,2";
			};
			name = Debug;
		};
		72B5D919180D73E0004ADB86 /* Release */ = {
			isa = XCBuildConfiguration;
			buildSettings = {
				ALWAYS_SEARCH_USER_PATHS = NO;
				CLANG_ANALYZER_LOCALIZABILITY_NONLOCALIZED = YES;
				CLANG_ENABLE_MODULES = YES;
				CLANG_ENABLE_OBJC_ARC = YES;
				CLANG_WARN_BOOL_CONVERSION = YES;
				CLANG_WARN_CONSTANT_CONVERSION = YES;
				CLANG_WARN_DIRECT_OBJC_ISA_USAGE = YES_ERROR;
				CLANG_WARN_EMPTY_BODY = YES;
				CLANG_WARN_ENUM_CONVERSION = YES;
				CLANG_WARN_INFINITE_RECURSION = YES;
				CLANG_WARN_INT_CONVERSION = YES;
				CLANG_WARN_OBJC_ROOT_CLASS = YES_ERROR;
				CLANG_WARN_SUSPICIOUS_MOVE = YES;
				CLANG_WARN_UNREACHABLE_CODE = YES;
				CLANG_WARN__DUPLICATE_METHOD_MATCH = YES;
				"CODE_SIGN_IDENTITY[sdk=iphoneos*]" = "iPhone Developer";
				COPY_PHASE_STRIP = YES;
				ENABLE_NS_ASSERTIONS = NO;
				ENABLE_STRICT_OBJC_MSGSEND = YES;
				GCC_NO_COMMON_BLOCKS = YES;
				GCC_TREAT_IMPLICIT_FUNCTION_DECLARATIONS_AS_ERRORS = YES;
				GCC_WARN_64_TO_32_BIT_CONVERSION = YES;
				GCC_WARN_ABOUT_RETURN_TYPE = YES_ERROR;
				GCC_WARN_UNDECLARED_SELECTOR = YES;
				GCC_WARN_UNINITIALIZED_AUTOS = YES;
				GCC_WARN_UNUSED_FUNCTION = YES;
				GCC_WARN_UNUSED_VARIABLE = YES;
				IPHONEOS_DEPLOYMENT_TARGET = 8.0;
				SDKROOT = iphoneos;
				TARGETED_DEVICE_FAMILY = "1,2";
				VALIDATE_PRODUCT = YES;
			};
			name = Release;
		};
		72B5D91B180D73E0004ADB86 /* Debug */ = {
			isa = XCBuildConfiguration;
			baseConfigurationReference = 1F0C1F1B722A7E607C88C0FE /* Pods-CalendarDemo.debug.xcconfig */;
			buildSettings = {
				ASSETCATALOG_COMPILER_APPICON_NAME = AppIcon;
				ASSETCATALOG_COMPILER_LAUNCHIMAGE_NAME = LaunchImage;
				CODE_SIGN_IDENTITY = "iPhone Developer";
				"CODE_SIGN_IDENTITY[sdk=iphoneos*]" = "iPhone Developer";
				DEVELOPMENT_TEAM = 9L2H2A796T;
				GCC_PRECOMPILE_PREFIX_HEADER = YES;
				GCC_PREFIX_HEADER = "CalendarDemo/Calendar-Prefix.pch";
				INFOPLIST_FILE = "$(SRCROOT)/CalendarDemo/Calendar-Info.plist";
				IPHONEOS_DEPLOYMENT_TARGET = 8.0;
				PRODUCT_BUNDLE_IDENTIFIER = "com.jmartin.${PRODUCT_NAME:rfc1034identifier}";
				PRODUCT_NAME = "$(TARGET_NAME)";
				PROVISIONING_PROFILE = "";
				TARGETED_DEVICE_FAMILY = "1,2";
				WRAPPER_EXTENSION = app;
			};
			name = Debug;
		};
		72B5D91C180D73E0004ADB86 /* Release */ = {
			isa = XCBuildConfiguration;
			baseConfigurationReference = EA537021B8BB04EA0A609FA9 /* Pods-CalendarDemo.release.xcconfig */;
			buildSettings = {
				ASSETCATALOG_COMPILER_APPICON_NAME = AppIcon;
				ASSETCATALOG_COMPILER_LAUNCHIMAGE_NAME = LaunchImage;
				CODE_SIGN_IDENTITY = "iPhone Developer";
				"CODE_SIGN_IDENTITY[sdk=iphoneos*]" = "iPhone Developer";
				DEVELOPMENT_TEAM = 9L2H2A796T;
				GCC_PRECOMPILE_PREFIX_HEADER = YES;
				GCC_PREFIX_HEADER = "CalendarDemo/Calendar-Prefix.pch";
				INFOPLIST_FILE = "$(SRCROOT)/CalendarDemo/Calendar-Info.plist";
				IPHONEOS_DEPLOYMENT_TARGET = 8.0;
				PRODUCT_BUNDLE_IDENTIFIER = "com.jmartin.${PRODUCT_NAME:rfc1034identifier}";
				PRODUCT_NAME = "$(TARGET_NAME)";
				PROVISIONING_PROFILE = "";
				TARGETED_DEVICE_FAMILY = "1,2";
				WRAPPER_EXTENSION = app;
			};
			name = Release;
		};
		72B5D91E180D73E0004ADB86 /* Debug */ = {
			isa = XCBuildConfiguration;
			buildSettings = {
				FRAMEWORK_SEARCH_PATHS = (
					"$(SDKROOT)/Developer/Library/Frameworks",
					"$(inherited)",
					"$(DEVELOPER_FRAMEWORKS_DIR)",
				);
				GCC_PRECOMPILE_PREFIX_HEADER = YES;
				GCC_PREFIX_HEADER = "CalendarDemo/Calendar-Prefix.pch";
				GCC_PREPROCESSOR_DEFINITIONS = (
					"DEBUG=1",
					"$(inherited)",
				);
				INFOPLIST_FILE = "CalendarTests/CalendarTests-Info.plist";
				PRODUCT_BUNDLE_IDENTIFIER = "com.jmartin.${PRODUCT_NAME:rfc1034identifier}";
				PRODUCT_NAME = "$(TARGET_NAME)";
				WRAPPER_EXTENSION = xctest;
			};
			name = Debug;
		};
		72B5D91F180D73E0004ADB86 /* Release */ = {
			isa = XCBuildConfiguration;
			buildSettings = {
				FRAMEWORK_SEARCH_PATHS = (
					"$(SDKROOT)/Developer/Library/Frameworks",
					"$(inherited)",
					"$(DEVELOPER_FRAMEWORKS_DIR)",
				);
				GCC_PRECOMPILE_PREFIX_HEADER = YES;
				GCC_PREFIX_HEADER = "CalendarDemo/Calendar-Prefix.pch";
				INFOPLIST_FILE = "CalendarTests/CalendarTests-Info.plist";
				PRODUCT_BUNDLE_IDENTIFIER = "com.jmartin.${PRODUCT_NAME:rfc1034identifier}";
				PRODUCT_NAME = "$(TARGET_NAME)";
				WRAPPER_EXTENSION = xctest;
			};
			name = Release;
		};
		CA15378824065AA6000A14C7 /* Debug */ = {
			isa = XCBuildConfiguration;
			buildSettings = {
				CLANG_ANALYZER_NONNULL = YES;
				CLANG_ANALYZER_NUMBER_OBJECT_CONVERSION = YES_AGGRESSIVE;
				CLANG_CXX_LANGUAGE_STANDARD = "gnu++14";
				CLANG_CXX_LIBRARY = "libc++";
				CLANG_ENABLE_OBJC_WEAK = YES;
				CLANG_WARN_BLOCK_CAPTURE_AUTORELEASING = YES;
				CLANG_WARN_COMMA = YES;
				CLANG_WARN_DEPRECATED_OBJC_IMPLEMENTATIONS = YES;
				CLANG_WARN_DOCUMENTATION_COMMENTS = YES;
				CLANG_WARN_NON_LITERAL_NULL_CONVERSION = YES;
				CLANG_WARN_OBJC_IMPLICIT_RETAIN_SELF = YES;
				CLANG_WARN_OBJC_LITERAL_CONVERSION = YES;
				CLANG_WARN_RANGE_LOOP_ANALYSIS = YES;
				CLANG_WARN_STRICT_PROTOTYPES = YES;
				CLANG_WARN_UNGUARDED_AVAILABILITY = YES_AGGRESSIVE;
				CODE_SIGN_IDENTITY = "iPhone Developer";
				CODE_SIGN_STYLE = Automatic;
				CURRENT_PROJECT_VERSION = 1;
				DEBUG_INFORMATION_FORMAT = dwarf;
				DEFINES_MODULE = YES;
				DYLIB_COMPATIBILITY_VERSION = 1;
				DYLIB_CURRENT_VERSION = 1;
				DYLIB_INSTALL_NAME_BASE = "@rpath";
				GCC_C_LANGUAGE_STANDARD = gnu11;
				GCC_DYNAMIC_NO_PIC = NO;
				GCC_WARN_UNINITIALIZED_AUTOS = YES_AGGRESSIVE;
				INFOPLIST_FILE = UniversalCalendar/Info.plist;
				INSTALL_PATH = "$(LOCAL_LIBRARY_DIR)/Frameworks";
				IPHONEOS_DEPLOYMENT_TARGET = 12.4;
				LD_RUNPATH_SEARCH_PATHS = "$(inherited) @executable_path/Frameworks @loader_path/Frameworks";
				MTL_ENABLE_DEBUG_INFO = INCLUDE_SOURCE;
				MTL_FAST_MATH = YES;
				PRODUCT_BUNDLE_IDENTIFIER = universal.UniversalCalendar;
				PRODUCT_NAME = "$(TARGET_NAME:c99extidentifier)";
				SKIP_INSTALL = YES;
				TARGETED_DEVICE_FAMILY = "1,2";
				VERSIONING_SYSTEM = "apple-generic";
				VERSION_INFO_PREFIX = "";
			};
			name = Debug;
		};
		CA15378924065AA6000A14C7 /* Release */ = {
			isa = XCBuildConfiguration;
			buildSettings = {
				CLANG_ANALYZER_NONNULL = YES;
				CLANG_ANALYZER_NUMBER_OBJECT_CONVERSION = YES_AGGRESSIVE;
				CLANG_CXX_LANGUAGE_STANDARD = "gnu++14";
				CLANG_CXX_LIBRARY = "libc++";
				CLANG_ENABLE_OBJC_WEAK = YES;
				CLANG_WARN_BLOCK_CAPTURE_AUTORELEASING = YES;
				CLANG_WARN_COMMA = YES;
				CLANG_WARN_DEPRECATED_OBJC_IMPLEMENTATIONS = YES;
				CLANG_WARN_DOCUMENTATION_COMMENTS = YES;
				CLANG_WARN_NON_LITERAL_NULL_CONVERSION = YES;
				CLANG_WARN_OBJC_IMPLICIT_RETAIN_SELF = YES;
				CLANG_WARN_OBJC_LITERAL_CONVERSION = YES;
				CLANG_WARN_RANGE_LOOP_ANALYSIS = YES;
				CLANG_WARN_STRICT_PROTOTYPES = YES;
				CLANG_WARN_UNGUARDED_AVAILABILITY = YES_AGGRESSIVE;
				CODE_SIGN_IDENTITY = "iPhone Developer";
				CODE_SIGN_STYLE = Automatic;
				COPY_PHASE_STRIP = NO;
				CURRENT_PROJECT_VERSION = 1;
				DEBUG_INFORMATION_FORMAT = "dwarf-with-dsym";
				DEFINES_MODULE = YES;
				DYLIB_COMPATIBILITY_VERSION = 1;
				DYLIB_CURRENT_VERSION = 1;
				DYLIB_INSTALL_NAME_BASE = "@rpath";
				GCC_C_LANGUAGE_STANDARD = gnu11;
				GCC_WARN_UNINITIALIZED_AUTOS = YES_AGGRESSIVE;
				INFOPLIST_FILE = UniversalCalendar/Info.plist;
				INSTALL_PATH = "$(LOCAL_LIBRARY_DIR)/Frameworks";
				IPHONEOS_DEPLOYMENT_TARGET = 12.4;
				LD_RUNPATH_SEARCH_PATHS = "$(inherited) @executable_path/Frameworks @loader_path/Frameworks";
				MTL_ENABLE_DEBUG_INFO = NO;
				MTL_FAST_MATH = YES;
				PRODUCT_BUNDLE_IDENTIFIER = universal.UniversalCalendar;
				PRODUCT_NAME = "$(TARGET_NAME:c99extidentifier)";
				SKIP_INSTALL = YES;
				TARGETED_DEVICE_FAMILY = "1,2";
				VERSIONING_SYSTEM = "apple-generic";
				VERSION_INFO_PREFIX = "";
			};
			name = Release;
		};
/* End XCBuildConfiguration section */

/* Begin XCConfigurationList section */
		72B5D8E9180D73E0004ADB86 /* Build configuration list for PBXProject "Calendar" */ = {
			isa = XCConfigurationList;
			buildConfigurations = (
				72B5D918180D73E0004ADB86 /* Debug */,
				72B5D919180D73E0004ADB86 /* Release */,
			);
			defaultConfigurationIsVisible = 0;
			defaultConfigurationName = Release;
		};
		72B5D91A180D73E0004ADB86 /* Build configuration list for PBXNativeTarget "CalendarDemo" */ = {
			isa = XCConfigurationList;
			buildConfigurations = (
				72B5D91B180D73E0004ADB86 /* Debug */,
				72B5D91C180D73E0004ADB86 /* Release */,
			);
			defaultConfigurationIsVisible = 0;
			defaultConfigurationName = Release;
		};
		72B5D91D180D73E0004ADB86 /* Build configuration list for PBXNativeTarget "CalendarTests" */ = {
			isa = XCConfigurationList;
			buildConfigurations = (
				72B5D91E180D73E0004ADB86 /* Debug */,
				72B5D91F180D73E0004ADB86 /* Release */,
			);
			defaultConfigurationIsVisible = 0;
			defaultConfigurationName = Release;
		};
		CA15378A24065AA6000A14C7 /* Build configuration list for PBXNativeTarget "UniversalCalendar" */ = {
			isa = XCConfigurationList;
			buildConfigurations = (
				CA15378824065AA6000A14C7 /* Debug */,
				CA15378924065AA6000A14C7 /* Release */,
			);
			defaultConfigurationIsVisible = 0;
			defaultConfigurationName = Release;
		};
/* End XCConfigurationList section */
	};
	rootObject = 72B5D8E6180D73E0004ADB86 /* Project object */;
}
